PODS:
  - MSAL (0.4.0):
    - MSAL/app-lib (= 0.4.0)
  - MSAL/app-lib (0.4.0)

DEPENDENCIES:
  - MSAL (~> 0.4.0)

SPEC REPOS:
  https://github.com/cocoapods/specs.git:
    - MSAL

SPEC CHECKSUMS:
  MSAL: fb209227bd464771648206286eb2bcca46f438ec

PODFILE CHECKSUM: e8430c4ca862d80cf8890f0189ef2ae2faf87cee

COCOAPODS: 1.6.1
