// !$*UTF8*$!
{
	archiveVersion = 1;
	classes = {
	};
	objectVersion = 46;
	objects = {

/* Begin PBXBuildFile section */
		D67FEFE622DAA04A00DA34FE /* Assets.xcassets in Resources */ = {isa = PBXBuildFile; fileRef = D67FEFE022DAA04A00DA34FE /* Assets.xcassets */; };
		D67FEFE922DAA04A00DA34FE /* ViewController.swift in Sources */ = {isa = PBXBuildFile; fileRef = D67FEFE422DAA04A00DA34FE /* ViewController.swift */; };
		D67FEFEA22DAA04A00DA34FE /* AppDelegate.swift in Sources */ = {isa = PBXBuildFile; fileRef = D67FEFE522DAA04A00DA34FE /* AppDelegate.swift */; };
		D67FEFEE22DAA23B00DA34FE /* Main.storyboard in Resources */ = {isa = PBXBuildFile; fileRef = D67FEFEC22DAA21D00DA34FE /* Main.storyboard */; };
		D67FEFEF22DAA24500DA34FE /* LaunchScreen.storyboard in Resources */ = {isa = PBXBuildFile; fileRef = D67FEFED22DAA21F00DA34FE /* LaunchScreen.storyboard */; };
		EBD35786E7C20552CC63B31B /* Pods_StepUp.framework in Frameworks */ = {isa = PBXBuildFile; fileRef = FE7FB2DFA40041F05F4309BD /* Pods_StepUp.framework */; };
/* End PBXBuildFile section */

/* Begin PBXFileReference section */
		237772D721DA9D8C4A44BEB2 /* Pods-StepUp.release.xcconfig */ = {isa = PBXFileReference; includeInIndex = 1; lastKnownFileType = text.xcconfig; name = "Pods-StepUp.release.xcconfig"; path = "Pods/Target Support Files/Pods-StepUp/Pods-StepUp.release.xcconfig"; sourceTree = "<group>"; };
		AD5263E088346F01270DB01B /* Pods_MSALiOS.framework */ = {isa = PBXFileReference; explicitFileType = wrapper.framework; includeInIndex = 0; path = Pods_MSALiOS.framework; sourceTree = BUILT_PRODUCTS_DIR; };
		D64CF7D422DA9FC300890B2C /* StepUp.xcodeproj */ = {isa = PBXFileReference; lastKnownFileType = "wrapper.pb-project"; path = StepUp.xcodeproj; sourceTree = "<group>"; };
		D67FEFDF22DAA04900DA34FE /* StepUp-Bridging-Header.h */ = {isa = PBXFileReference; lastKnownFileType = sourcecode.c.h; path = "StepUp-Bridging-Header.h"; sourceTree = "<group>"; };
		D67FEFE022DAA04A00DA34FE /* Assets.xcassets */ = {isa = PBXFileReference; lastKnownFileType = folder.assetcatalog; path = Assets.xcassets; sourceTree = "<group>"; };
		D67FEFE222DAA04A00DA34FE /* Info.plist */ = {isa = PBXFileReference; fileEncoding = 4; lastKnownFileType = text.plist.xml; path = Info.plist; sourceTree = "<group>"; };
		D67FEFE322DAA04A00DA34FE /* StepUp.entitlements */ = {isa = PBXFileReference; fileEncoding = 4; lastKnownFileType = text.plist.entitlements; path = StepUp.entitlements; sourceTree = "<group>"; };
		D67FEFE422DAA04A00DA34FE /* ViewController.swift */ = {isa = PBXFileReference; fileEncoding = 4; lastKnownFileType = sourcecode.swift; path = ViewController.swift; sourceTree = "<group>"; };
		D67FEFE522DAA04A00DA34FE /* AppDelegate.swift */ = {isa = PBXFileReference; fileEncoding = 4; lastKnownFileType = sourcecode.swift; path = AppDelegate.swift; sourceTree = "<group>"; };
		D67FEFEC22DAA21D00DA34FE /* Main.storyboard */ = {isa = PBXFileReference; lastKnownFileType = file.storyboard; path = Main.storyboard; sourceTree = "<group>"; };
		D67FEFED22DAA21F00DA34FE /* LaunchScreen.storyboard */ = {isa = PBXFileReference; lastKnownFileType = file.storyboard; path = LaunchScreen.storyboard; sourceTree = "<group>"; };
		F92928B071A3D15484033FE0 /* Pods-StepUp.debug.xcconfig */ = {isa = PBXFileReference; includeInIndex = 1; lastKnownFileType = text.xcconfig; name = "Pods-StepUp.debug.xcconfig"; path = "Pods/Target Support Files/Pods-StepUp/Pods-StepUp.debug.xcconfig"; sourceTree = "<group>"; };
		FBA79E9D1E9A038700179A54 /* StepUp.app */ = {isa = PBXFileReference; explicitFileType = wrapper.application; includeInIndex = 0; path = StepUp.app; sourceTree = BUILT_PRODUCTS_DIR; };
		FE7FB2DFA40041F05F4309BD /* Pods_StepUp.framework */ = {isa = PBXFileReference; explicitFileType = wrapper.framework; includeInIndex = 0; path = Pods_StepUp.framework; sourceTree = BUILT_PRODUCTS_DIR; };
/* End PBXFileReference section */

/* Begin PBXFrameworksBuildPhase section */
		FBA79E9A1E9A038700179A54 /* Frameworks */ = {
			isa = PBXFrameworksBuildPhase;
			buildActionMask = 2147483647;
			files = (
				EBD35786E7C20552CC63B31B /* Pods_StepUp.framework in Frameworks */,
			);
			runOnlyForDeploymentPostprocessing = 0;
		};
/* End PBXFrameworksBuildPhase section */

/* Begin PBXGroup section */
		AED3371A3BA5BB965217412E /* Frameworks */ = {
			isa = PBXGroup;
			children = (
				AD5263E088346F01270DB01B /* Pods_MSALiOS.framework */,
				FE7FB2DFA40041F05F4309BD /* Pods_StepUp.framework */,
			);
			name = Frameworks;
			sourceTree = "<group>";
		};
		C864BFB36A9CE66547F41D83 /* Pods */ = {
			isa = PBXGroup;
			children = (
				F92928B071A3D15484033FE0 /* Pods-StepUp.debug.xcconfig */,
				237772D721DA9D8C4A44BEB2 /* Pods-StepUp.release.xcconfig */,
			);
			name = Pods;
			sourceTree = "<group>";
		};
		D64CF7D522DA9FC300890B2C /* Products */ = {
			isa = PBXGroup;
			children = (
			);
			name = Products;
			sourceTree = "<group>";
		};
		D64CF7D922DA9FE200890B2C /* StepUp */ = {
			isa = PBXGroup;
			children = (
				D67FEFEC22DAA21D00DA34FE /* Main.storyboard */,
				D67FEFED22DAA21F00DA34FE /* LaunchScreen.storyboard */,
				D67FEFE522DAA04A00DA34FE /* AppDelegate.swift */,
				D67FEFE022DAA04A00DA34FE /* Assets.xcassets */,
				D67FEFE222DAA04A00DA34FE /* Info.plist */,
				D67FEFE322DAA04A00DA34FE /* StepUp.entitlements */,
				D67FEFE422DAA04A00DA34FE /* ViewController.swift */,
				D67FEFDF22DAA04900DA34FE /* StepUp-Bridging-Header.h */,
			);
			path = StepUp;
			sourceTree = "<group>";
		};
		FBA79E941E9A038700179A54 = {
			isa = PBXGroup;
			children = (
				D64CF7D922DA9FE200890B2C /* StepUp */,
				D64CF7D422DA9FC300890B2C /* StepUp.xcodeproj */,
				FBA79E9E1E9A038700179A54 /* Products */,
				C864BFB36A9CE66547F41D83 /* Pods */,
				AED3371A3BA5BB965217412E /* Frameworks */,
			);
			sourceTree = "<group>";
		};
		FBA79E9E1E9A038700179A54 /* Products */ = {
			isa = PBXGroup;
			children = (
				FBA79E9D1E9A038700179A54 /* StepUp.app */,
			);
			name = Products;
			sourceTree = "<group>";
		};
/* End PBXGroup section */

/* Begin PBXNativeTarget section */
		FBA79E9C1E9A038700179A54 /* StepUp */ = {
			isa = PBXNativeTarget;
			buildConfigurationList = FBA79EC51E9A038700179A54 /* Build configuration list for PBXNativeTarget "StepUp" */;
			buildPhases = (
				CA99DF8CB4EFF07F56D45BE6 /* [CP] Check Pods Manifest.lock */,
				FBA79E991E9A038700179A54 /* Sources */,
				FBA79E9A1E9A038700179A54 /* Frameworks */,
				FBA79E9B1E9A038700179A54 /* Resources */,
				62FF8D48DDB503F027F22D2C /* [CP] Embed Pods Frameworks */,
			);
			buildRules = (
			);
			dependencies = (
			);
			name = StepUp;
			productName = MSALiOS;
			productReference = FBA79E9D1E9A038700179A54 /* StepUp.app */;
			productType = "com.apple.product-type.application";
		};
/* End PBXNativeTarget section */

/* Begin PBXProject section */
		FBA79E951E9A038700179A54 /* Project object */ = {
			isa = PBXProject;
			attributes = {
				LastSwiftUpdateCheck = 0830;
				LastUpgradeCheck = 0930;
				ORGANIZATIONNAME = Microsoft;
				TargetAttributes = {
					FBA79E9C1E9A038700179A54 = {
						CreatedOnToolsVersion = 8.3;
						DevelopmentTeam = JM9222EF99;
						LastSwiftMigration = 1020;
						ProvisioningStyle = Automatic;
						SystemCapabilities = {
							com.apple.Keychain = {
								enabled = 1;
							};
						};
					};
				};
			};
			buildConfigurationList = FBA79E981E9A038700179A54 /* Build configuration list for PBXProject "StepUp" */;
			compatibilityVersion = "Xcode 3.2";
			developmentRegion = English;
			hasScannedForEncodings = 0;
			knownRegions = (
				English,
				en,
				Base,
			);
			mainGroup = FBA79E941E9A038700179A54;
			productRefGroup = FBA79E9E1E9A038700179A54 /* Products */;
			projectDirPath = "";
			projectReferences = (
				{
					ProductGroup = D64CF7D522DA9FC300890B2C /* Products */;
					ProjectRef = D64CF7D422DA9FC300890B2C /* StepUp.xcodeproj */;
				},
			);
			projectRoot = "";
			targets = (
				FBA79E9C1E9A038700179A54 /* StepUp */,
			);
		};
/* End PBXProject section */

/* Begin PBXResourcesBuildPhase section */
		FBA79E9B1E9A038700179A54 /* Resources */ = {
			isa = PBXResourcesBuildPhase;
			buildActionMask = 2147483647;
			files = (
				D67FEFEF22DAA24500DA34FE /* LaunchScreen.storyboard in Resources */,
				D67FEFE622DAA04A00DA34FE /* Assets.xcassets in Resources */,
				D67FEFEE22DAA23B00DA34FE /* Main.storyboard in Resources */,
			);
			runOnlyForDeploymentPostprocessing = 0;
		};
/* End PBXResourcesBuildPhase section */

/* Begin PBXShellScriptBuildPhase section */
		62FF8D48DDB503F027F22D2C /* [CP] Embed Pods Frameworks */ = {
			isa = PBXShellScriptBuildPhase;
			buildActionMask = 2147483647;
			files = (
			);
			inputPaths = (
				"${SRCROOT}/Pods/Target Support Files/Pods-StepUp/Pods-StepUp-frameworks.sh",
				"${BUILT_PRODUCTS_DIR}/MSAL/MSAL.framework",
			);
			name = "[CP] Embed Pods Frameworks";
			outputPaths = (
				"${TARGET_BUILD_DIR}/${FRAMEWORKS_FOLDER_PATH}/MSAL.framework",
			);
			runOnlyForDeploymentPostprocessing = 0;
			shellPath = /bin/sh;
			shellScript = "\"${SRCROOT}/Pods/Target Support Files/Pods-StepUp/Pods-StepUp-frameworks.sh\"\n";
			showEnvVarsInLog = 0;
		};
		CA99DF8CB4EFF07F56D45BE6 /* [CP] Check Pods Manifest.lock */ = {
			isa = PBXShellScriptBuildPhase;
			buildActionMask = 2147483647;
			files = (
			);
			inputPaths = (
				"${PODS_PODFILE_DIR_PATH}/Podfile.lock",
				"${PODS_ROOT}/Manifest.lock",
			);
			name = "[CP] Check Pods Manifest.lock";
			outputPaths = (
				"$(DERIVED_FILE_DIR)/Pods-StepUp-checkManifestLockResult.txt",
			);
			runOnlyForDeploymentPostprocessing = 0;
			shellPath = /bin/sh;
			shellScript = "diff \"${PODS_PODFILE_DIR_PATH}/Podfile.lock\" \"${PODS_ROOT}/Manifest.lock\" > /dev/null\nif [ $? != 0 ] ; then\n    # print error to STDERR\n    echo \"error: The sandbox is not in sync with the Podfile.lock. Run 'pod install' or update your CocoaPods installation.\" >&2\n    exit 1\nfi\n# This output is used by Xcode 'outputs' to avoid re-running this script phase.\necho \"SUCCESS\" > \"${SCRIPT_OUTPUT_FILE_0}\"\n";
			showEnvVarsInLog = 0;
		};
/* End PBXShellScriptBuildPhase section */

/* Begin PBXSourcesBuildPhase section */
		FBA79E991E9A038700179A54 /* Sources */ = {
			isa = PBXSourcesBuildPhase;
			buildActionMask = 2147483647;
			files = (
				D67FEFEA22DAA04A00DA34FE /* AppDelegate.swift in Sources */,
				D67FEFE922DAA04A00DA34FE /* ViewController.swift in Sources */,
			);
			runOnlyForDeploymentPostprocessing = 0;
		};
/* End PBXSourcesBuildPhase section */

/* Begin XCBuildConfiguration section */
		FBA79EC31E9A038700179A54 /* Debug */ = {
			isa = XCBuildConfiguration;
			buildSettings = {
				ALWAYS_SEARCH_USER_PATHS = NO;
				CLANG_ANALYZER_NONNULL = YES;
				CLANG_ANALYZER_NUMBER_OBJECT_CONVERSION = YES_AGGRESSIVE;
				CLANG_CXX_LANGUAGE_STANDARD = "gnu++0x";
				CLANG_CXX_LIBRARY = "libc++";
				CLANG_ENABLE_MODULES = YES;
				CLANG_ENABLE_OBJC_ARC = YES;
				CLANG_WARN_BLOCK_CAPTURE_AUTORELEASING = YES;
				CLANG_WARN_BOOL_CONVERSION = YES;
				CLANG_WARN_COMMA = YES;
				CLANG_WARN_CONSTANT_CONVERSION = YES;
				CLANG_WARN_DEPRECATED_OBJC_IMPLEMENTATIONS = YES;
				CLANG_WARN_DIRECT_OBJC_ISA_USAGE = YES_ERROR;
				CLANG_WARN_DOCUMENTATION_COMMENTS = YES;
				CLANG_WARN_EMPTY_BODY = YES;
				CLANG_WARN_ENUM_CONVERSION = YES;
				CLANG_WARN_INFINITE_RECURSION = YES;
				CLANG_WARN_INT_CONVERSION = YES;
				CLANG_WARN_NON_LITERAL_NULL_CONVERSION = YES;
				CLANG_WARN_OBJC_IMPLICIT_RETAIN_SELF = YES;
				CLANG_WARN_OBJC_LITERAL_CONVERSION = YES;
				CLANG_WARN_OBJC_ROOT_CLASS = YES_ERROR;
				CLANG_WARN_RANGE_LOOP_ANALYSIS = YES;
				CLANG_WARN_STRICT_PROTOTYPES = YES;
				CLANG_WARN_SUSPICIOUS_MOVE = YES;
				CLANG_WARN_UNREACHABLE_CODE = YES;
				CLANG_WARN__DUPLICATE_METHOD_MATCH = YES;
				"CODE_SIGN_IDENTITY[sdk=iphoneos*]" = "iPhone Developer";
				COPY_PHASE_STRIP = NO;
				DEBUG_INFORMATION_FORMAT = dwarf;
				ENABLE_STRICT_OBJC_MSGSEND = YES;
				ENABLE_TESTABILITY = YES;
				GCC_C_LANGUAGE_STANDARD = gnu99;
				GCC_DYNAMIC_NO_PIC = NO;
				GCC_NO_COMMON_BLOCKS = YES;
				GCC_OPTIMIZATION_LEVEL = 0;
				GCC_PREPROCESSOR_DEFINITIONS = (
					"DEBUG=1",
					"$(inherited)",
				);
				GCC_WARN_64_TO_32_BIT_CONVERSION = YES;
				GCC_WARN_ABOUT_RETURN_TYPE = YES_ERROR;
				GCC_WARN_UNDECLARED_SELECTOR = YES;
				GCC_WARN_UNINITIALIZED_AUTOS = YES_AGGRESSIVE;
				GCC_WARN_UNUSED_FUNCTION = YES;
				GCC_WARN_UNUSED_VARIABLE = YES;
				IPHONEOS_DEPLOYMENT_TARGET = 10.3;
				MTL_ENABLE_DEBUG_INFO = YES;
				ONLY_ACTIVE_ARCH = YES;
				SDKROOT = iphoneos;
				SWIFT_ACTIVE_COMPILATION_CONDITIONS = DEBUG;
				SWIFT_OPTIMIZATION_LEVEL = "-Onone";
				SWIFT_SWIFT3_OBJC_INFERENCE = Default;
				TARGETED_DEVICE_FAMILY = "1,2";
			};
			name = Debug;
		};
		FBA79EC41E9A038700179A54 /* Release */ = {
			isa = XCBuildConfiguration;
			buildSettings = {
				ALWAYS_SEARCH_USER_PATHS = NO;
				CLANG_ANALYZER_NONNULL = YES;
				CLANG_ANALYZER_NUMBER_OBJECT_CONVERSION = YES_AGGRESSIVE;
				CLANG_CXX_LANGUAGE_STANDARD = "gnu++0x";
				CLANG_CXX_LIBRARY = "libc++";
				CLANG_ENABLE_MODULES = YES;
				CLANG_ENABLE_OBJC_ARC = YES;
				CLANG_WARN_BLOCK_CAPTURE_AUTORELEASING = YES;
				CLANG_WARN_BOOL_CONVERSION = YES;
				CLANG_WARN_COMMA = YES;
				CLANG_WARN_CONSTANT_CONVERSION = YES;
				CLANG_WARN_DEPRECATED_OBJC_IMPLEMENTATIONS = YES;
				CLANG_WARN_DIRECT_OBJC_ISA_USAGE = YES_ERROR;
				CLANG_WARN_DOCUMENTATION_COMMENTS = YES;
				CLANG_WARN_EMPTY_BODY = YES;
				CLANG_WARN_ENUM_CONVERSION = YES;
				CLANG_WARN_INFINITE_RECURSION = YES;
				CLANG_WARN_INT_CONVERSION = YES;
				CLANG_WARN_NON_LITERAL_NULL_CONVERSION = YES;
				CLANG_WARN_OBJC_IMPLICIT_RETAIN_SELF = YES;
				CLANG_WARN_OBJC_LITERAL_CONVERSION = YES;
				CLANG_WARN_OBJC_ROOT_CLASS = YES_ERROR;
				CLANG_WARN_RANGE_LOOP_ANALYSIS = YES;
				CLANG_WARN_STRICT_PROTOTYPES = YES;
				CLANG_WARN_SUSPICIOUS_MOVE = YES;
				CLANG_WARN_UNREACHABLE_CODE = YES;
				CLANG_WARN__DUPLICATE_METHOD_MATCH = YES;
				"CODE_SIGN_IDENTITY[sdk=iphoneos*]" = "iPhone Developer";
				COPY_PHASE_STRIP = NO;
				DEBUG_INFORMATION_FORMAT = "dwarf-with-dsym";
				ENABLE_NS_ASSERTIONS = NO;
				ENABLE_STRICT_OBJC_MSGSEND = YES;
				GCC_C_LANGUAGE_STANDARD = gnu99;
				GCC_NO_COMMON_BLOCKS = YES;
				GCC_WARN_64_TO_32_BIT_CONVERSION = YES;
				GCC_WARN_ABOUT_RETURN_TYPE = YES_ERROR;
				GCC_WARN_UNDECLARED_SELECTOR = YES;
				GCC_WARN_UNINITIALIZED_AUTOS = YES_AGGRESSIVE;
				GCC_WARN_UNUSED_FUNCTION = YES;
				GCC_WARN_UNUSED_VARIABLE = YES;
				IPHONEOS_DEPLOYMENT_TARGET = 10.3;
				MTL_ENABLE_DEBUG_INFO = NO;
				SDKROOT = iphoneos;
				SWIFT_OPTIMIZATION_LEVEL = "-Owholemodule";
				SWIFT_SWIFT3_OBJC_INFERENCE = Default;
				TARGETED_DEVICE_FAMILY = "1,2";
				VALIDATE_PRODUCT = YES;
			};
			name = Release;
		};
		FBA79EC61E9A038700179A54 /* Debug */ = {
			isa = XCBuildConfiguration;
			baseConfigurationReference = F92928B071A3D15484033FE0 /* Pods-StepUp.debug.xcconfig */;
			buildSettings = {
				ASSETCATALOG_COMPILER_APPICON_NAME = AppIcon;
				CLANG_ENABLE_MODULES = YES;
				CODE_SIGN_ENTITLEMENTS = StepUp/StepUp.entitlements;
				DEVELOPMENT_TEAM = JM9222EF99;
				FRAMEWORK_SEARCH_PATHS = "$(inherited)";
				INFOPLIST_FILE = "$(SRCROOT)/StepUp/Info.plist";
				IPHONEOS_DEPLOYMENT_TARGET = 11.3;
				LD_RUNPATH_SEARCH_PATHS = "$(inherited) @executable_path/Frameworks";
				OTHER_LDFLAGS = "$(inherited)";
				PRODUCT_BUNDLE_IDENTIFIER = "com.endava.step-up";
				PRODUCT_NAME = "$(TARGET_NAME)";
				SWIFT_OBJC_BRIDGING_HEADER = "StepUp/StepUp-Bridging-Header.h";
				SWIFT_OPTIMIZATION_LEVEL = "-Onone";
				SWIFT_SWIFT3_OBJC_INFERENCE = Default;
				SWIFT_VERSION = 4.2;
			};
			name = Debug;
		};
		FBA79EC71E9A038700179A54 /* Release */ = {
			isa = XCBuildConfiguration;
			baseConfigurationReference = 237772D721DA9D8C4A44BEB2 /* Pods-StepUp.release.xcconfig */;
			buildSettings = {
				ASSETCATALOG_COMPILER_APPICON_NAME = AppIcon;
				CLANG_ENABLE_MODULES = YES;
				CODE_SIGN_ENTITLEMENTS = StepUp/StepUp.entitlements;
				DEVELOPMENT_TEAM = JM9222EF99;
				FRAMEWORK_SEARCH_PATHS = "$(inherited)";
				INFOPLIST_FILE = "$(SRCROOT)/StepUp/Info.plist";
				IPHONEOS_DEPLOYMENT_TARGET = 11.3;
				LD_RUNPATH_SEARCH_PATHS = "$(inherited) @executable_path/Frameworks";
				OTHER_LDFLAGS = "$(inherited)";
				PRODUCT_BUNDLE_IDENTIFIER = "com.endava.step-up";
				PRODUCT_NAME = "$(TARGET_NAME)";
				SWIFT_OBJC_BRIDGING_HEADER = "StepUp/StepUp-Bridging-Header.h";
				SWIFT_SWIFT3_OBJC_INFERENCE = Default;
				SWIFT_VERSION = 4.2;
			};
			name = Release;
		};
/* End XCBuildConfiguration section */

/* Begin XCConfigurationList section */
		FBA79E981E9A038700179A54 /* Build configuration list for PBXProject "StepUp" */ = {
			isa = XCConfigurationList;
			buildConfigurations = (
				FBA79EC31E9A038700179A54 /* Debug */,
				FBA79EC41E9A038700179A54 /* Release */,
			);
			defaultConfigurationIsVisible = 0;
			defaultConfigurationName = Release;
		};
		FBA79EC51E9A038700179A54 /* Build configuration list for PBXNativeTarget "StepUp" */ = {
			isa = XCConfigurationList;
			buildConfigurations = (
				FBA79EC61E9A038700179A54 /* Debug */,
				FBA79EC71E9A038700179A54 /* Release */,
			);
			defaultConfigurationIsVisible = 0;
			defaultConfigurationName = Release;
		};
/* End XCConfigurationList section */
	};
	rootObject = FBA79E951E9A038700179A54 /* Project object */;
}
