// !$*UTF8*$!
{
	archiveVersion = 1;
	classes = {
	};
	objectVersion = 46;
	objects = {

/* Begin PBXBuildFile section */
		7931B53E958A60F1BC86C9CC /* Pods_StepUp.framework in Frameworks */ = {isa = PBXBuildFile; fileRef = 700C92E92931B9B9B9C64DA2 /* Pods_StepUp.framework */; };
		7AC6D97E22E8FEFC006F18CE /* AreaService.swift in Sources */ = {isa = PBXBuildFile; fileRef = 7AC6D97D22E8FEFC006F18CE /* AreaService.swift */; };
		7AC6D98122E90258006F18CE /* Area.swift in Sources */ = {isa = PBXBuildFile; fileRef = 7AC6D98022E90258006F18CE /* Area.swift */; };
		7AC6D98322E90284006F18CE /* Location.swift in Sources */ = {isa = PBXBuildFile; fileRef = 7AC6D98222E90284006F18CE /* Location.swift */; };
		7AC6D98622E90468006F18CE /* RequestHelper.swift in Sources */ = {isa = PBXBuildFile; fileRef = 7AC6D98522E90468006F18CE /* RequestHelper.swift */; };
		7AC6D98822E90BEE006F18CE /* AreaRepository.swift in Sources */ = {isa = PBXBuildFile; fileRef = 7AC6D98722E90BEE006F18CE /* AreaRepository.swift */; };
		7AC6D98A22E92912006F18CE /* LocationService.swift in Sources */ = {isa = PBXBuildFile; fileRef = 7AC6D98922E92912006F18CE /* LocationService.swift */; };
		7AC6D98C22E92975006F18CE /* LocationRepository.swift in Sources */ = {isa = PBXBuildFile; fileRef = 7AC6D98B22E92975006F18CE /* LocationRepository.swift */; };
		7AC6D98E22EB3239006F18CE /* LoggedInUser.swift in Sources */ = {isa = PBXBuildFile; fileRef = 7AC6D98D22EB3239006F18CE /* LoggedInUser.swift */; };
		7AC6D99022EB38B0006F18CE /* API.swift in Sources */ = {isa = PBXBuildFile; fileRef = 7AC6D98F22EB38B0006F18CE /* API.swift */; };
		7AC6D99222EB3B22006F18CE /* SystemUtils.swift in Sources */ = {isa = PBXBuildFile; fileRef = 7AC6D99122EB3B22006F18CE /* SystemUtils.swift */; };
		7AC6D99422EB53FC006F18CE /* LoggedInUserService.swift in Sources */ = {isa = PBXBuildFile; fileRef = 7AC6D99322EB53FC006F18CE /* LoggedInUserService.swift */; };
		7AC6D99622EB540A006F18CE /* LoggedInUserRepository.swift in Sources */ = {isa = PBXBuildFile; fileRef = 7AC6D99522EB540A006F18CE /* LoggedInUserRepository.swift */; };
		7AC6D99A22ECA617006F18CE /* Value.swift in Sources */ = {isa = PBXBuildFile; fileRef = 7AC6D99922ECA617006F18CE /* Value.swift */; };
		7AC6D99D22ECA6D1006F18CE /* Contact.swift in Sources */ = {isa = PBXBuildFile; fileRef = 7AC6D99C22ECA6D1006F18CE /* Contact.swift */; };
		7AC6D99F22ECA8EE006F18CE /* CompanyValuesService.swift in Sources */ = {isa = PBXBuildFile; fileRef = 7AC6D99E22ECA8EE006F18CE /* CompanyValuesService.swift */; };
		7AC6D9A122ECA94A006F18CE /* CompanyValuesRepository.swift in Sources */ = {isa = PBXBuildFile; fileRef = 7AC6D9A022ECA94A006F18CE /* CompanyValuesRepository.swift */; };
		7AC6D9A322ECABC3006F18CE /* FeedbackFeed.swift in Sources */ = {isa = PBXBuildFile; fileRef = 7AC6D9A222ECABC3006F18CE /* FeedbackFeed.swift */; };
		7AC6D9A522ECAC6B006F18CE /* FeedbackService.swift in Sources */ = {isa = PBXBuildFile; fileRef = 7AC6D9A422ECAC6B006F18CE /* FeedbackService.swift */; };
		7AC6D9A722ECACF8006F18CE /* FeedbackRepository.swift in Sources */ = {isa = PBXBuildFile; fileRef = 7AC6D9A622ECACF8006F18CE /* FeedbackRepository.swift */; };
		9B47E06222EDCB6700353A92 /* AuthenticationViewController.swift in Sources */ = {isa = PBXBuildFile; fileRef = 9B47E06122EDCB6700353A92 /* AuthenticationViewController.swift */; };
		9B55848222EBD72C0020D5DB /* Main.storyboard in Resources */ = {isa = PBXBuildFile; fileRef = 9B55848122EBD72C0020D5DB /* Main.storyboard */; };
		9B729CB722E8008A002EEA39 /* Authentication.storyboard in Resources */ = {isa = PBXBuildFile; fileRef = 9B729CB622E8008A002EEA39 /* Authentication.storyboard */; };
		9B729CC022E801A0002EEA39 /* MainViewController.swift in Sources */ = {isa = PBXBuildFile; fileRef = 9B729CBF22E801A0002EEA39 /* MainViewController.swift */; };
		9B729CC322E8029C002EEA39 /* Constants.swift in Sources */ = {isa = PBXBuildFile; fileRef = 9B729CC222E8029C002EEA39 /* Constants.swift */; };
		9B729CC622E803F1002EEA39 /* Feed.storyboard in Resources */ = {isa = PBXBuildFile; fileRef = 9B729CC522E803F1002EEA39 /* Feed.storyboard */; };
		9B729CC922E806B3002EEA39 /* Onboarding.storyboard in Resources */ = {isa = PBXBuildFile; fileRef = 9B729CC822E806B3002EEA39 /* Onboarding.storyboard */; };
		D67FEFE622DAA04A00DA34FE /* Assets.xcassets in Resources */ = {isa = PBXBuildFile; fileRef = D67FEFE022DAA04A00DA34FE /* Assets.xcassets */; };
		D67FEFEA22DAA04A00DA34FE /* AppDelegate.swift in Sources */ = {isa = PBXBuildFile; fileRef = D67FEFE522DAA04A00DA34FE /* AppDelegate.swift */; };
		D67FEFEF22DAA24500DA34FE /* LaunchScreen.storyboard in Resources */ = {isa = PBXBuildFile; fileRef = D67FEFED22DAA21F00DA34FE /* LaunchScreen.storyboard */; };
/* End PBXBuildFile section */

/* Begin PBXFileReference section */
		02ACF32EAA9EFB961A57980C /* Pods-StepUp.debug.xcconfig */ = {isa = PBXFileReference; includeInIndex = 1; lastKnownFileType = text.xcconfig; name = "Pods-StepUp.debug.xcconfig"; path = "Target Support Files/Pods-StepUp/Pods-StepUp.debug.xcconfig"; sourceTree = "<group>"; };
		15E59EB3FD54B8D5E0B88180 /* Pods-StepUp.release.xcconfig */ = {isa = PBXFileReference; includeInIndex = 1; lastKnownFileType = text.xcconfig; name = "Pods-StepUp.release.xcconfig"; path = "Target Support Files/Pods-StepUp/Pods-StepUp.release.xcconfig"; sourceTree = "<group>"; };
		700C92E92931B9B9B9C64DA2 /* Pods_StepUp.framework */ = {isa = PBXFileReference; explicitFileType = wrapper.framework; includeInIndex = 0; path = Pods_StepUp.framework; sourceTree = BUILT_PRODUCTS_DIR; };
		7AC6D97D22E8FEFC006F18CE /* AreaService.swift */ = {isa = PBXFileReference; lastKnownFileType = sourcecode.swift; path = AreaService.swift; sourceTree = "<group>"; };
		7AC6D98022E90258006F18CE /* Area.swift */ = {isa = PBXFileReference; lastKnownFileType = sourcecode.swift; path = Area.swift; sourceTree = "<group>"; };
		7AC6D98222E90284006F18CE /* Location.swift */ = {isa = PBXFileReference; lastKnownFileType = sourcecode.swift; path = Location.swift; sourceTree = "<group>"; };
		7AC6D98522E90468006F18CE /* RequestHelper.swift */ = {isa = PBXFileReference; lastKnownFileType = sourcecode.swift; path = RequestHelper.swift; sourceTree = "<group>"; };
		7AC6D98722E90BEE006F18CE /* AreaRepository.swift */ = {isa = PBXFileReference; lastKnownFileType = sourcecode.swift; path = AreaRepository.swift; sourceTree = "<group>"; };
		7AC6D98922E92912006F18CE /* LocationService.swift */ = {isa = PBXFileReference; lastKnownFileType = sourcecode.swift; path = LocationService.swift; sourceTree = "<group>"; };
		7AC6D98B22E92975006F18CE /* LocationRepository.swift */ = {isa = PBXFileReference; lastKnownFileType = sourcecode.swift; path = LocationRepository.swift; sourceTree = "<group>"; };
		7AC6D98D22EB3239006F18CE /* LoggedInUser.swift */ = {isa = PBXFileReference; lastKnownFileType = sourcecode.swift; path = LoggedInUser.swift; sourceTree = "<group>"; };
		7AC6D98F22EB38B0006F18CE /* API.swift */ = {isa = PBXFileReference; lastKnownFileType = sourcecode.swift; path = API.swift; sourceTree = "<group>"; };
		7AC6D99122EB3B22006F18CE /* SystemUtils.swift */ = {isa = PBXFileReference; lastKnownFileType = sourcecode.swift; path = SystemUtils.swift; sourceTree = "<group>"; };
		7AC6D99322EB53FC006F18CE /* LoggedInUserService.swift */ = {isa = PBXFileReference; lastKnownFileType = sourcecode.swift; path = LoggedInUserService.swift; sourceTree = "<group>"; };
		7AC6D99522EB540A006F18CE /* LoggedInUserRepository.swift */ = {isa = PBXFileReference; lastKnownFileType = sourcecode.swift; path = LoggedInUserRepository.swift; sourceTree = "<group>"; };
		7AC6D99922ECA617006F18CE /* Value.swift */ = {isa = PBXFileReference; lastKnownFileType = sourcecode.swift; path = Value.swift; sourceTree = "<group>"; };
		7AC6D99C22ECA6D1006F18CE /* Contact.swift */ = {isa = PBXFileReference; lastKnownFileType = sourcecode.swift; path = Contact.swift; sourceTree = "<group>"; };
		7AC6D99E22ECA8EE006F18CE /* CompanyValuesService.swift */ = {isa = PBXFileReference; lastKnownFileType = sourcecode.swift; path = CompanyValuesService.swift; sourceTree = "<group>"; };
		7AC6D9A022ECA94A006F18CE /* CompanyValuesRepository.swift */ = {isa = PBXFileReference; lastKnownFileType = sourcecode.swift; path = CompanyValuesRepository.swift; sourceTree = "<group>"; };
		7AC6D9A222ECABC3006F18CE /* FeedbackFeed.swift */ = {isa = PBXFileReference; lastKnownFileType = sourcecode.swift; path = FeedbackFeed.swift; sourceTree = "<group>"; };
		7AC6D9A422ECAC6B006F18CE /* FeedbackService.swift */ = {isa = PBXFileReference; lastKnownFileType = sourcecode.swift; path = FeedbackService.swift; sourceTree = "<group>"; };
		7AC6D9A622ECACF8006F18CE /* FeedbackRepository.swift */ = {isa = PBXFileReference; lastKnownFileType = sourcecode.swift; path = FeedbackRepository.swift; sourceTree = "<group>"; };
		9B47E06122EDCB6700353A92 /* AuthenticationViewController.swift */ = {isa = PBXFileReference; fileEncoding = 4; lastKnownFileType = sourcecode.swift; path = AuthenticationViewController.swift; sourceTree = "<group>"; };
		9B55848122EBD72C0020D5DB /* Main.storyboard */ = {isa = PBXFileReference; fileEncoding = 4; lastKnownFileType = file.storyboard; path = Main.storyboard; sourceTree = "<group>"; };
		9B729CB622E8008A002EEA39 /* Authentication.storyboard */ = {isa = PBXFileReference; lastKnownFileType = file.storyboard; path = Authentication.storyboard; sourceTree = "<group>"; };
		9B729CBF22E801A0002EEA39 /* MainViewController.swift */ = {isa = PBXFileReference; lastKnownFileType = sourcecode.swift; path = MainViewController.swift; sourceTree = "<group>"; };
		9B729CC222E8029C002EEA39 /* Constants.swift */ = {isa = PBXFileReference; lastKnownFileType = sourcecode.swift; path = Constants.swift; sourceTree = "<group>"; };
		9B729CC522E803F1002EEA39 /* Feed.storyboard */ = {isa = PBXFileReference; lastKnownFileType = file.storyboard; path = Feed.storyboard; sourceTree = "<group>"; };
		9B729CC822E806B3002EEA39 /* Onboarding.storyboard */ = {isa = PBXFileReference; lastKnownFileType = file.storyboard; path = Onboarding.storyboard; sourceTree = "<group>"; };
		D67FEFE022DAA04A00DA34FE /* Assets.xcassets */ = {isa = PBXFileReference; lastKnownFileType = folder.assetcatalog; path = Assets.xcassets; sourceTree = "<group>"; };
		D67FEFE222DAA04A00DA34FE /* Info.plist */ = {isa = PBXFileReference; fileEncoding = 4; lastKnownFileType = text.plist.xml; path = Info.plist; sourceTree = "<group>"; };
		D67FEFE322DAA04A00DA34FE /* StepUp.entitlements */ = {isa = PBXFileReference; fileEncoding = 4; lastKnownFileType = text.plist.entitlements; path = StepUp.entitlements; sourceTree = "<group>"; };
		D67FEFE522DAA04A00DA34FE /* AppDelegate.swift */ = {isa = PBXFileReference; fileEncoding = 4; lastKnownFileType = sourcecode.swift; path = AppDelegate.swift; sourceTree = "<group>"; };
		D67FEFED22DAA21F00DA34FE /* LaunchScreen.storyboard */ = {isa = PBXFileReference; lastKnownFileType = file.storyboard; path = LaunchScreen.storyboard; sourceTree = "<group>"; };
		FBA79E9D1E9A038700179A54 /* StepUp.app */ = {isa = PBXFileReference; explicitFileType = wrapper.application; includeInIndex = 0; path = StepUp.app; sourceTree = BUILT_PRODUCTS_DIR; };
/* End PBXFileReference section */

/* Begin PBXFrameworksBuildPhase section */
		FBA79E9A1E9A038700179A54 /* Frameworks */ = {
			isa = PBXFrameworksBuildPhase;
			buildActionMask = 2147483647;
			files = (
				7931B53E958A60F1BC86C9CC /* Pods_StepUp.framework in Frameworks */,
			);
			runOnlyForDeploymentPostprocessing = 0;
		};
/* End PBXFrameworksBuildPhase section */

/* Begin PBXGroup section */
		62F6BFE68C4D8E74F2A6D407 /* Frameworks */ = {
			isa = PBXGroup;
			children = (
				700C92E92931B9B9B9C64DA2 /* Pods_StepUp.framework */,
			);
			name = Frameworks;
			sourceTree = "<group>";
		};
		7AC6D97922E8FE5A006F18CE /* Networking */ = {
			isa = PBXGroup;
			children = (
				7AC6D99B22ECA672006F18CE /* Repositories */,
				7AC6D98422E90458006F18CE /* Utils */,
				7AC6D97F22E90246006F18CE /* Models */,
			);
			path = Networking;
			sourceTree = "<group>";
		};
		7AC6D97A22E8FE9C006F18CE /* Area */ = {
			isa = PBXGroup;
			children = (
				7AC6D97D22E8FEFC006F18CE /* AreaService.swift */,
				7AC6D98722E90BEE006F18CE /* AreaRepository.swift */,
			);
			path = Area;
			sourceTree = "<group>";
		};
		7AC6D97B22E8FEA4006F18CE /* Location */ = {
			isa = PBXGroup;
			children = (
				7AC6D98922E92912006F18CE /* LocationService.swift */,
				7AC6D98B22E92975006F18CE /* LocationRepository.swift */,
			);
			path = Location;
			sourceTree = "<group>";
		};
		7AC6D97C22E8FECF006F18CE /* LoggedInUser */ = {
			isa = PBXGroup;
			children = (
				7AC6D99322EB53FC006F18CE /* LoggedInUserService.swift */,
				7AC6D99522EB540A006F18CE /* LoggedInUserRepository.swift */,
			);
			path = LoggedInUser;
			sourceTree = "<group>";
		};
		7AC6D97F22E90246006F18CE /* Models */ = {
			isa = PBXGroup;
			children = (
				7AC6D98022E90258006F18CE /* Area.swift */,
				7AC6D98222E90284006F18CE /* Location.swift */,
				7AC6D98D22EB3239006F18CE /* LoggedInUser.swift */,
				7AC6D99922ECA617006F18CE /* Value.swift */,
				7AC6D99C22ECA6D1006F18CE /* Contact.swift */,
				7AC6D9A222ECABC3006F18CE /* FeedbackFeed.swift */,
			);
			path = Models;
			sourceTree = "<group>";
		};
		7AC6D98422E90458006F18CE /* Utils */ = {
			isa = PBXGroup;
			children = (
				7AC6D98522E90468006F18CE /* RequestHelper.swift */,
				7AC6D98F22EB38B0006F18CE /* API.swift */,
				7AC6D99122EB3B22006F18CE /* SystemUtils.swift */,
			);
			path = Utils;
			sourceTree = "<group>";
		};
		7AC6D99722ECA58C006F18CE /* Feedback */ = {
			isa = PBXGroup;
			children = (
				7AC6D9A422ECAC6B006F18CE /* FeedbackService.swift */,
				7AC6D9A622ECACF8006F18CE /* FeedbackRepository.swift */,
			);
			path = Feedback;
			sourceTree = "<group>";
		};
		7AC6D99822ECA5A5006F18CE /* Values */ = {
			isa = PBXGroup;
			children = (
				7AC6D99E22ECA8EE006F18CE /* CompanyValuesService.swift */,
				7AC6D9A022ECA94A006F18CE /* CompanyValuesRepository.swift */,
			);
			path = Values;
			sourceTree = "<group>";
		};
		7AC6D99B22ECA672006F18CE /* Repositories */ = {
			isa = PBXGroup;
			children = (
				7AC6D99722ECA58C006F18CE /* Feedback */,
				7AC6D99822ECA5A5006F18CE /* Values */,
				7AC6D97C22E8FECF006F18CE /* LoggedInUser */,
				7AC6D97B22E8FEA4006F18CE /* Location */,
				7AC6D97A22E8FE9C006F18CE /* Area */,
			);
			path = Repositories;
			sourceTree = "<group>";
		};
		8AE7AA47BBE7FF4EBFA823D1 /* Pods */ = {
			isa = PBXGroup;
			children = (
				02ACF32EAA9EFB961A57980C /* Pods-StepUp.debug.xcconfig */,
				15E59EB3FD54B8D5E0B88180 /* Pods-StepUp.release.xcconfig */,
			);
			path = Pods;
			sourceTree = "<group>";
		};
		9B729CB322E80045002EEA39 /* Main */ = {
			isa = PBXGroup;
			children = (
				9B729CBC22E800F0002EEA39 /* UI */,
			);
			path = Main;
			sourceTree = "<group>";
		};
		9B729CB422E8005C002EEA39 /* Authentication */ = {
			isa = PBXGroup;
			children = (
				9B729CBB22E800EA002EEA39 /* View Models */,
				9B729CBA22E800E4002EEA39 /* UI */,
			);
			path = Authentication;
			sourceTree = "<group>";
		};
		9B729CB522E80063002EEA39 /* Onboarding */ = {
			isa = PBXGroup;
			children = (
				9B729CB922E800D5002EEA39 /* View Models */,
				9B729CB822E800CD002EEA39 /* UI */,
			);
			path = Onboarding;
			sourceTree = "<group>";
		};
		9B729CB822E800CD002EEA39 /* UI */ = {
			isa = PBXGroup;
			children = (
				9B729CC822E806B3002EEA39 /* Onboarding.storyboard */,
			);
			path = UI;
			sourceTree = "<group>";
		};
		9B729CB922E800D5002EEA39 /* View Models */ = {
			isa = PBXGroup;
			children = (
			);
			path = "View Models";
			sourceTree = "<group>";
		};
		9B729CBA22E800E4002EEA39 /* UI */ = {
			isa = PBXGroup;
			children = (
				9B47E06122EDCB6700353A92 /* AuthenticationViewController.swift */,
				9B729CB622E8008A002EEA39 /* Authentication.storyboard */,
			);
			path = UI;
			sourceTree = "<group>";
		};
		9B729CBB22E800EA002EEA39 /* View Models */ = {
			isa = PBXGroup;
			children = (
			);
			path = "View Models";
			sourceTree = "<group>";
		};
		9B729CBC22E800F0002EEA39 /* UI */ = {
			isa = PBXGroup;
			children = (
				9B55848122EBD72C0020D5DB /* Main.storyboard */,
				9B729CBF22E801A0002EEA39 /* MainViewController.swift */,
			);
			path = UI;
			sourceTree = "<group>";
		};
		9B729CBD22E80114002EEA39 /* Supporting Files */ = {
			isa = PBXGroup;
			children = (
				D67FEFE222DAA04A00DA34FE /* Info.plist */,
				D67FEFE322DAA04A00DA34FE /* StepUp.entitlements */,
			);
			path = "Supporting Files";
			sourceTree = "<group>";
		};
		9B729CBE22E8012B002EEA39 /* Resources */ = {
			isa = PBXGroup;
			children = (
				D67FEFE022DAA04A00DA34FE /* Assets.xcassets */,
			);
			path = Resources;
			sourceTree = "<group>";
		};
		9B729CC122E8020B002EEA39 /* Common */ = {
			isa = PBXGroup;
			children = (
				9B729CC222E8029C002EEA39 /* Constants.swift */,
			);
			path = Common;
			sourceTree = "<group>";
		};
		9B729CC422E803DE002EEA39 /* Feed */ = {
			isa = PBXGroup;
			children = (
				9B729CCA22E80F9F002EEA39 /* View Models */,
				9B729CCB22E80FA9002EEA39 /* Models */,
				9B729CC722E803F6002EEA39 /* UI */,
			);
			path = Feed;
			sourceTree = "<group>";
		};
		9B729CC722E803F6002EEA39 /* UI */ = {
			isa = PBXGroup;
			children = (
				9B729CC522E803F1002EEA39 /* Feed.storyboard */,
			);
			path = UI;
			sourceTree = "<group>";
		};
		9B729CCA22E80F9F002EEA39 /* View Models */ = {
			isa = PBXGroup;
			children = (
			);
			path = "View Models";
			sourceTree = "<group>";
		};
		9B729CCB22E80FA9002EEA39 /* Models */ = {
			isa = PBXGroup;
			children = (
			);
			path = Models;
			sourceTree = "<group>";
		};
		D64CF7D922DA9FE200890B2C /* StepUp */ = {
			isa = PBXGroup;
			children = (
				D67FEFED22DAA21F00DA34FE /* LaunchScreen.storyboard */,
				D67FEFE522DAA04A00DA34FE /* AppDelegate.swift */,
				9B729CB422E8005C002EEA39 /* Authentication */,
				9B729CC122E8020B002EEA39 /* Common */,
				9B729CC422E803DE002EEA39 /* Feed */,
				9B729CB322E80045002EEA39 /* Main */,
				7AC6D97922E8FE5A006F18CE /* Networking */,
				9B729CB522E80063002EEA39 /* Onboarding */,
				9B729CBE22E8012B002EEA39 /* Resources */,
				9B729CBD22E80114002EEA39 /* Supporting Files */,
			);
			path = StepUp;
			sourceTree = "<group>";
		};
		FBA79E941E9A038700179A54 = {
			isa = PBXGroup;
			children = (
				D64CF7D922DA9FE200890B2C /* StepUp */,
				FBA79E9E1E9A038700179A54 /* Products */,
				8AE7AA47BBE7FF4EBFA823D1 /* Pods */,
				62F6BFE68C4D8E74F2A6D407 /* Frameworks */,
			);
			sourceTree = "<group>";
		};
		FBA79E9E1E9A038700179A54 /* Products */ = {
			isa = PBXGroup;
			children = (
				FBA79E9D1E9A038700179A54 /* StepUp.app */,
			);
			name = Products;
			sourceTree = "<group>";
		};
/* End PBXGroup section */

/* Begin PBXNativeTarget section */
		FBA79E9C1E9A038700179A54 /* StepUp */ = {
			isa = PBXNativeTarget;
			buildConfigurationList = FBA79EC51E9A038700179A54 /* Build configuration list for PBXNativeTarget "StepUp" */;
			buildPhases = (
				8636D33AB5D6A11893985E7B /* [CP] Check Pods Manifest.lock */,
				FBA79E991E9A038700179A54 /* Sources */,
				FBA79E9A1E9A038700179A54 /* Frameworks */,
				FBA79E9B1E9A038700179A54 /* Resources */,
				2954AF6A424A024C6901D6A3 /* [CP] Embed Pods Frameworks */,
			);
			buildRules = (
			);
			dependencies = (
			);
			name = StepUp;
			productName = MSALiOS;
			productReference = FBA79E9D1E9A038700179A54 /* StepUp.app */;
			productType = "com.apple.product-type.application";
		};
/* End PBXNativeTarget section */

/* Begin PBXProject section */
		FBA79E951E9A038700179A54 /* Project object */ = {
			isa = PBXProject;
			attributes = {
				LastSwiftUpdateCheck = 0830;
				LastUpgradeCheck = 1020;
				ORGANIZATIONNAME = "";
				TargetAttributes = {
					FBA79E9C1E9A038700179A54 = {
						CreatedOnToolsVersion = 8.3;
						LastSwiftMigration = 1020;
						ProvisioningStyle = Manual;
						SystemCapabilities = {
							com.apple.Keychain = {
								enabled = 1;
							};
						};
					};
				};
			};
			buildConfigurationList = FBA79E981E9A038700179A54 /* Build configuration list for PBXProject "StepUp" */;
			compatibilityVersion = "Xcode 3.2";
			developmentRegion = en;
			hasScannedForEncodings = 0;
			knownRegions = (
				en,
				Base,
			);
			mainGroup = FBA79E941E9A038700179A54;
			productRefGroup = FBA79E9E1E9A038700179A54 /* Products */;
			projectDirPath = "";
			projectRoot = "";
			targets = (
				FBA79E9C1E9A038700179A54 /* StepUp */,
			);
		};
/* End PBXProject section */

/* Begin PBXResourcesBuildPhase section */
		FBA79E9B1E9A038700179A54 /* Resources */ = {
			isa = PBXResourcesBuildPhase;
			buildActionMask = 2147483647;
			files = (
				9B729CB722E8008A002EEA39 /* Authentication.storyboard in Resources */,
				9B729CC622E803F1002EEA39 /* Feed.storyboard in Resources */,
				D67FEFEF22DAA24500DA34FE /* LaunchScreen.storyboard in Resources */,
				9B55848222EBD72C0020D5DB /* Main.storyboard in Resources */,
				D67FEFE622DAA04A00DA34FE /* Assets.xcassets in Resources */,
				9B729CC922E806B3002EEA39 /* Onboarding.storyboard in Resources */,
			);
			runOnlyForDeploymentPostprocessing = 0;
		};
/* End PBXResourcesBuildPhase section */

/* Begin PBXShellScriptBuildPhase section */
		2954AF6A424A024C6901D6A3 /* [CP] Embed Pods Frameworks */ = {
			isa = PBXShellScriptBuildPhase;
			buildActionMask = 2147483647;
			files = (
			);
			inputFileListPaths = (
			);
			inputPaths = (
				"${PODS_ROOT}/Target Support Files/Pods-StepUp/Pods-StepUp-frameworks.sh",
				"${BUILT_PRODUCTS_DIR}/MSAL/MSAL.framework",
			);
			name = "[CP] Embed Pods Frameworks";
			outputFileListPaths = (
			);
			outputPaths = (
				"${TARGET_BUILD_DIR}/${FRAMEWORKS_FOLDER_PATH}/MSAL.framework",
			);
			runOnlyForDeploymentPostprocessing = 0;
			shellPath = /bin/sh;
			shellScript = "\"${PODS_ROOT}/Target Support Files/Pods-StepUp/Pods-StepUp-frameworks.sh\"\n";
			showEnvVarsInLog = 0;
		};
		8636D33AB5D6A11893985E7B /* [CP] Check Pods Manifest.lock */ = {
			isa = PBXShellScriptBuildPhase;
			buildActionMask = 2147483647;
			files = (
			);
			inputFileListPaths = (
			);
			inputPaths = (
				"${PODS_PODFILE_DIR_PATH}/Podfile.lock",
				"${PODS_ROOT}/Manifest.lock",
			);
			name = "[CP] Check Pods Manifest.lock";
			outputFileListPaths = (
			);
			outputPaths = (
				"$(DERIVED_FILE_DIR)/Pods-StepUp-checkManifestLockResult.txt",
			);
			runOnlyForDeploymentPostprocessing = 0;
			shellPath = /bin/sh;
			shellScript = "diff \"${PODS_PODFILE_DIR_PATH}/Podfile.lock\" \"${PODS_ROOT}/Manifest.lock\" > /dev/null\nif [ $? != 0 ] ; then\n    # print error to STDERR\n    echo \"error: The sandbox is not in sync with the Podfile.lock. Run 'pod install' or update your CocoaPods installation.\" >&2\n    exit 1\nfi\n# This output is used by Xcode 'outputs' to avoid re-running this script phase.\necho \"SUCCESS\" > \"${SCRIPT_OUTPUT_FILE_0}\"\n";
			showEnvVarsInLog = 0;
		};
/* End PBXShellScriptBuildPhase section */

/* Begin PBXSourcesBuildPhase section */
		FBA79E991E9A038700179A54 /* Sources */ = {
			isa = PBXSourcesBuildPhase;
			buildActionMask = 2147483647;
			files = (
				9B729CC022E801A0002EEA39 /* MainViewController.swift in Sources */,
				9B47E06222EDCB6700353A92 /* AuthenticationViewController.swift in Sources */,
				7AC6D99022EB38B0006F18CE /* API.swift in Sources */,
				7AC6D9A122ECA94A006F18CE /* CompanyValuesRepository.swift in Sources */,
				7AC6D99422EB53FC006F18CE /* LoggedInUserService.swift in Sources */,
				7AC6D99A22ECA617006F18CE /* Value.swift in Sources */,
				7AC6D98622E90468006F18CE /* RequestHelper.swift in Sources */,
				7AC6D99D22ECA6D1006F18CE /* Contact.swift in Sources */,
				7AC6D9A522ECAC6B006F18CE /* FeedbackService.swift in Sources */,
				7AC6D99F22ECA8EE006F18CE /* CompanyValuesService.swift in Sources */,
				7AC6D99622EB540A006F18CE /* LoggedInUserRepository.swift in Sources */,
				7AC6D99222EB3B22006F18CE /* SystemUtils.swift in Sources */,
				7AC6D9A722ECACF8006F18CE /* FeedbackRepository.swift in Sources */,
				7AC6D98822E90BEE006F18CE /* AreaRepository.swift in Sources */,
				7AC6D98A22E92912006F18CE /* LocationService.swift in Sources */,
				7AC6D98C22E92975006F18CE /* LocationRepository.swift in Sources */,
				D67FEFEA22DAA04A00DA34FE /* AppDelegate.swift in Sources */,
				9B729CC322E8029C002EEA39 /* Constants.swift in Sources */,
				7AC6D97E22E8FEFC006F18CE /* AreaService.swift in Sources */,
				7AC6D98322E90284006F18CE /* Location.swift in Sources */,
				7AC6D98122E90258006F18CE /* Area.swift in Sources */,
				7AC6D9A322ECABC3006F18CE /* FeedbackFeed.swift in Sources */,
				7AC6D98E22EB3239006F18CE /* LoggedInUser.swift in Sources */,
			);
			runOnlyForDeploymentPostprocessing = 0;
		};
/* End PBXSourcesBuildPhase section */

/* Begin XCBuildConfiguration section */
		FBA79EC31E9A038700179A54 /* Debug */ = {
			isa = XCBuildConfiguration;
			buildSettings = {
				ALWAYS_SEARCH_USER_PATHS = NO;
				CLANG_ANALYZER_LOCALIZABILITY_NONLOCALIZED = YES;
				CLANG_ANALYZER_NONNULL = YES;
				CLANG_ANALYZER_NUMBER_OBJECT_CONVERSION = YES_AGGRESSIVE;
				CLANG_CXX_LANGUAGE_STANDARD = "gnu++0x";
				CLANG_CXX_LIBRARY = "libc++";
				CLANG_ENABLE_MODULES = YES;
				CLANG_ENABLE_OBJC_ARC = YES;
				CLANG_WARN_BLOCK_CAPTURE_AUTORELEASING = YES;
				CLANG_WARN_BOOL_CONVERSION = YES;
				CLANG_WARN_COMMA = YES;
				CLANG_WARN_CONSTANT_CONVERSION = YES;
				CLANG_WARN_DEPRECATED_OBJC_IMPLEMENTATIONS = YES;
				CLANG_WARN_DIRECT_OBJC_ISA_USAGE = YES_ERROR;
				CLANG_WARN_DOCUMENTATION_COMMENTS = YES;
				CLANG_WARN_EMPTY_BODY = YES;
				CLANG_WARN_ENUM_CONVERSION = YES;
				CLANG_WARN_INFINITE_RECURSION = YES;
				CLANG_WARN_INT_CONVERSION = YES;
				CLANG_WARN_NON_LITERAL_NULL_CONVERSION = YES;
				CLANG_WARN_OBJC_IMPLICIT_RETAIN_SELF = YES;
				CLANG_WARN_OBJC_LITERAL_CONVERSION = YES;
				CLANG_WARN_OBJC_ROOT_CLASS = YES_ERROR;
				CLANG_WARN_RANGE_LOOP_ANALYSIS = YES;
				CLANG_WARN_STRICT_PROTOTYPES = YES;
				CLANG_WARN_SUSPICIOUS_MOVE = YES;
				CLANG_WARN_UNREACHABLE_CODE = YES;
				CLANG_WARN__DUPLICATE_METHOD_MATCH = YES;
				"CODE_SIGN_IDENTITY[sdk=iphoneos*]" = "iPhone Developer";
				COPY_PHASE_STRIP = NO;
				DEBUG_INFORMATION_FORMAT = dwarf;
				ENABLE_STRICT_OBJC_MSGSEND = YES;
				ENABLE_TESTABILITY = YES;
				GCC_C_LANGUAGE_STANDARD = gnu99;
				GCC_DYNAMIC_NO_PIC = NO;
				GCC_NO_COMMON_BLOCKS = YES;
				GCC_OPTIMIZATION_LEVEL = 0;
				GCC_PREPROCESSOR_DEFINITIONS = (
					"DEBUG=1",
					"$(inherited)",
				);
				GCC_WARN_64_TO_32_BIT_CONVERSION = YES;
				GCC_WARN_ABOUT_RETURN_TYPE = YES_ERROR;
				GCC_WARN_UNDECLARED_SELECTOR = YES;
				GCC_WARN_UNINITIALIZED_AUTOS = YES_AGGRESSIVE;
				GCC_WARN_UNUSED_FUNCTION = YES;
				GCC_WARN_UNUSED_VARIABLE = YES;
				IPHONEOS_DEPLOYMENT_TARGET = 10.3;
				MTL_ENABLE_DEBUG_INFO = YES;
				ONLY_ACTIVE_ARCH = YES;
				SDKROOT = iphoneos;
				SWIFT_ACTIVE_COMPILATION_CONDITIONS = DEBUG;
				SWIFT_OPTIMIZATION_LEVEL = "-Onone";
				SWIFT_SWIFT3_OBJC_INFERENCE = Default;
				TARGETED_DEVICE_FAMILY = "1,2";
			};
			name = Debug;
		};
		FBA79EC41E9A038700179A54 /* Release */ = {
			isa = XCBuildConfiguration;
			buildSettings = {
				ALWAYS_SEARCH_USER_PATHS = NO;
				CLANG_ANALYZER_LOCALIZABILITY_NONLOCALIZED = YES;
				CLANG_ANALYZER_NONNULL = YES;
				CLANG_ANALYZER_NUMBER_OBJECT_CONVERSION = YES_AGGRESSIVE;
				CLANG_CXX_LANGUAGE_STANDARD = "gnu++0x";
				CLANG_CXX_LIBRARY = "libc++";
				CLANG_ENABLE_MODULES = YES;
				CLANG_ENABLE_OBJC_ARC = YES;
				CLANG_WARN_BLOCK_CAPTURE_AUTORELEASING = YES;
				CLANG_WARN_BOOL_CONVERSION = YES;
				CLANG_WARN_COMMA = YES;
				CLANG_WARN_CONSTANT_CONVERSION = YES;
				CLANG_WARN_DEPRECATED_OBJC_IMPLEMENTATIONS = YES;
				CLANG_WARN_DIRECT_OBJC_ISA_USAGE = YES_ERROR;
				CLANG_WARN_DOCUMENTATION_COMMENTS = YES;
				CLANG_WARN_EMPTY_BODY = YES;
				CLANG_WARN_ENUM_CONVERSION = YES;
				CLANG_WARN_INFINITE_RECURSION = YES;
				CLANG_WARN_INT_CONVERSION = YES;
				CLANG_WARN_NON_LITERAL_NULL_CONVERSION = YES;
				CLANG_WARN_OBJC_IMPLICIT_RETAIN_SELF = YES;
				CLANG_WARN_OBJC_LITERAL_CONVERSION = YES;
				CLANG_WARN_OBJC_ROOT_CLASS = YES_ERROR;
				CLANG_WARN_RANGE_LOOP_ANALYSIS = YES;
				CLANG_WARN_STRICT_PROTOTYPES = YES;
				CLANG_WARN_SUSPICIOUS_MOVE = YES;
				CLANG_WARN_UNREACHABLE_CODE = YES;
				CLANG_WARN__DUPLICATE_METHOD_MATCH = YES;
				"CODE_SIGN_IDENTITY[sdk=iphoneos*]" = "iPhone Developer";
				COPY_PHASE_STRIP = NO;
				DEBUG_INFORMATION_FORMAT = "dwarf-with-dsym";
				ENABLE_NS_ASSERTIONS = NO;
				ENABLE_STRICT_OBJC_MSGSEND = YES;
				GCC_C_LANGUAGE_STANDARD = gnu99;
				GCC_NO_COMMON_BLOCKS = YES;
				GCC_WARN_64_TO_32_BIT_CONVERSION = YES;
				GCC_WARN_ABOUT_RETURN_TYPE = YES_ERROR;
				GCC_WARN_UNDECLARED_SELECTOR = YES;
				GCC_WARN_UNINITIALIZED_AUTOS = YES_AGGRESSIVE;
				GCC_WARN_UNUSED_FUNCTION = YES;
				GCC_WARN_UNUSED_VARIABLE = YES;
				IPHONEOS_DEPLOYMENT_TARGET = 10.3;
				MTL_ENABLE_DEBUG_INFO = NO;
				SDKROOT = iphoneos;
				SWIFT_OPTIMIZATION_LEVEL = "-Owholemodule";
				SWIFT_SWIFT3_OBJC_INFERENCE = Default;
				TARGETED_DEVICE_FAMILY = "1,2";
				VALIDATE_PRODUCT = YES;
			};
			name = Release;
		};
		FBA79EC61E9A038700179A54 /* Debug */ = {
			isa = XCBuildConfiguration;
			baseConfigurationReference = 02ACF32EAA9EFB961A57980C /* Pods-StepUp.debug.xcconfig */;
			buildSettings = {
				ASSETCATALOG_COMPILER_APPICON_NAME = AppIcon;
				CLANG_ENABLE_MODULES = YES;
				CODE_SIGN_ENTITLEMENTS = "StepUp/Supporting Files/StepUp.entitlements";
				CODE_SIGN_STYLE = Manual;
				DEVELOPMENT_TEAM = "";
				FRAMEWORK_SEARCH_PATHS = "$(inherited)";
				INFOPLIST_FILE = "StepUp/Supporting Files/Info.plist";
				IPHONEOS_DEPLOYMENT_TARGET = 11.4;
				LD_RUNPATH_SEARCH_PATHS = "$(inherited) @executable_path/Frameworks";
				OTHER_LDFLAGS = "$(inherited)";
				PRODUCT_BUNDLE_IDENTIFIER = "com.endava.step-up";
				PRODUCT_NAME = "$(TARGET_NAME)";
				PROVISIONING_PROFILE_SPECIFIER = "";
				SWIFT_OPTIMIZATION_LEVEL = "-Onone";
				SWIFT_SWIFT3_OBJC_INFERENCE = Default;
				SWIFT_VERSION = 4.2;
			};
			name = Debug;
		};
		FBA79EC71E9A038700179A54 /* Release */ = {
			isa = XCBuildConfiguration;
			baseConfigurationReference = 15E59EB3FD54B8D5E0B88180 /* Pods-StepUp.release.xcconfig */;
			buildSettings = {
				ASSETCATALOG_COMPILER_APPICON_NAME = AppIcon;
				CLANG_ENABLE_MODULES = YES;
				CODE_SIGN_ENTITLEMENTS = "StepUp/Supporting Files/StepUp.entitlements";
				CODE_SIGN_STYLE = Manual;
				DEVELOPMENT_TEAM = "";
				FRAMEWORK_SEARCH_PATHS = "$(inherited)";
				INFOPLIST_FILE = "StepUp/Supporting Files/Info.plist";
				IPHONEOS_DEPLOYMENT_TARGET = 11.4;
				LD_RUNPATH_SEARCH_PATHS = "$(inherited) @executable_path/Frameworks";
				OTHER_LDFLAGS = "$(inherited)";
				PRODUCT_BUNDLE_IDENTIFIER = "com.endava.step-up";
				PRODUCT_NAME = "$(TARGET_NAME)";
				PROVISIONING_PROFILE_SPECIFIER = "";
				SWIFT_SWIFT3_OBJC_INFERENCE = Default;
				SWIFT_VERSION = 4.2;
			};
			name = Release;
		};
/* End XCBuildConfiguration section */

/* Begin XCConfigurationList section */
		FBA79E981E9A038700179A54 /* Build configuration list for PBXProject "StepUp" */ = {
			isa = XCConfigurationList;
			buildConfigurations = (
				FBA79EC31E9A038700179A54 /* Debug */,
				FBA79EC41E9A038700179A54 /* Release */,
			);
			defaultConfigurationIsVisible = 0;
			defaultConfigurationName = Release;
		};
		FBA79EC51E9A038700179A54 /* Build configuration list for PBXNativeTarget "StepUp" */ = {
			isa = XCConfigurationList;
			buildConfigurations = (
				FBA79EC61E9A038700179A54 /* Debug */,
				FBA79EC71E9A038700179A54 /* Release */,
			);
			defaultConfigurationIsVisible = 0;
			defaultConfigurationName = Release;
		};
/* End XCConfigurationList section */
	};
	rootObject = FBA79E951E9A038700179A54 /* Project object */;
}
