// !$*UTF8*$!
{
	archiveVersion = 1;
	classes = {
	};
	objectVersion = 46;
	objects = {

/* Begin PBXBuildFile section */
		48DB95527372E02263414DAC /* Pods_RankUp.framework in Frameworks */ = {isa = PBXBuildFile; fileRef = 1ADF7A0FA0D32EF0F05D9148 /* Pods_RankUp.framework */; };
		7A77E6D222F0927C00741749 /* Rank.swift in Sources */ = {isa = PBXBuildFile; fileRef = 7A77E6D122F0927C00741749 /* Rank.swift */; };
		7A77E6D522F092F700741749 /* RankService.swift in Sources */ = {isa = PBXBuildFile; fileRef = 7A77E6D422F092F700741749 /* RankService.swift */; };
		7A77E6D722F0930100741749 /* RankRepository.swift in Sources */ = {isa = PBXBuildFile; fileRef = 7A77E6D622F0930100741749 /* RankRepository.swift */; };
		7A77E6D922F0ABEA00741749 /* NonRegisterUser.swift in Sources */ = {isa = PBXBuildFile; fileRef = 7A77E6D822F0ABEA00741749 /* NonRegisterUser.swift */; };
		7A77E6DC22F2467300741749 /* MSALService.swift in Sources */ = {isa = PBXBuildFile; fileRef = 7A77E6DB22F2467300741749 /* MSALService.swift */; };
		7A77E6DE22F2468000741749 /* MSALRepository.swift in Sources */ = {isa = PBXBuildFile; fileRef = 7A77E6DD22F2468000741749 /* MSALRepository.swift */; };
		7A77E6E022F26D4500741749 /* MSALDelegate.swift in Sources */ = {isa = PBXBuildFile; fileRef = 7A77E6DF22F26D4500741749 /* MSALDelegate.swift */; };
		7A77E6E222F283D500741749 /* APIClient.swift in Sources */ = {isa = PBXBuildFile; fileRef = 7A77E6E122F283D500741749 /* APIClient.swift */; };
		7A77E6E422F2850B00741749 /* APIClientFacade.swift in Sources */ = {isa = PBXBuildFile; fileRef = 7A77E6E322F2850B00741749 /* APIClientFacade.swift */; };
		7AC6D97E22E8FEFC006F18CE /* AreaService.swift in Sources */ = {isa = PBXBuildFile; fileRef = 7AC6D97D22E8FEFC006F18CE /* AreaService.swift */; };
		7AC6D98122E90258006F18CE /* Area.swift in Sources */ = {isa = PBXBuildFile; fileRef = 7AC6D98022E90258006F18CE /* Area.swift */; };
		7AC6D98322E90284006F18CE /* Location.swift in Sources */ = {isa = PBXBuildFile; fileRef = 7AC6D98222E90284006F18CE /* Location.swift */; };
		7AC6D98622E90468006F18CE /* RequestHelper.swift in Sources */ = {isa = PBXBuildFile; fileRef = 7AC6D98522E90468006F18CE /* RequestHelper.swift */; };
		7AC6D98822E90BEE006F18CE /* AreaRepository.swift in Sources */ = {isa = PBXBuildFile; fileRef = 7AC6D98722E90BEE006F18CE /* AreaRepository.swift */; };
		7AC6D98A22E92912006F18CE /* LocationService.swift in Sources */ = {isa = PBXBuildFile; fileRef = 7AC6D98922E92912006F18CE /* LocationService.swift */; };
		7AC6D98C22E92975006F18CE /* LocationRepository.swift in Sources */ = {isa = PBXBuildFile; fileRef = 7AC6D98B22E92975006F18CE /* LocationRepository.swift */; };
		7AC6D98E22EB3239006F18CE /* LoggedInUser.swift in Sources */ = {isa = PBXBuildFile; fileRef = 7AC6D98D22EB3239006F18CE /* LoggedInUser.swift */; };
		7AC6D99022EB38B0006F18CE /* API.swift in Sources */ = {isa = PBXBuildFile; fileRef = 7AC6D98F22EB38B0006F18CE /* API.swift */; };
		7AC6D99222EB3B22006F18CE /* SystemUtils.swift in Sources */ = {isa = PBXBuildFile; fileRef = 7AC6D99122EB3B22006F18CE /* SystemUtils.swift */; };
		7AC6D99422EB53FC006F18CE /* LoggedInUserService.swift in Sources */ = {isa = PBXBuildFile; fileRef = 7AC6D99322EB53FC006F18CE /* LoggedInUserService.swift */; };
		7AC6D99622EB540A006F18CE /* LoggedInUserRepository.swift in Sources */ = {isa = PBXBuildFile; fileRef = 7AC6D99522EB540A006F18CE /* LoggedInUserRepository.swift */; };
		7AC6D99A22ECA617006F18CE /* Value.swift in Sources */ = {isa = PBXBuildFile; fileRef = 7AC6D99922ECA617006F18CE /* Value.swift */; };
		7AC6D99D22ECA6D1006F18CE /* Contact.swift in Sources */ = {isa = PBXBuildFile; fileRef = 7AC6D99C22ECA6D1006F18CE /* Contact.swift */; };
		7AC6D99F22ECA8EE006F18CE /* CompanyValuesService.swift in Sources */ = {isa = PBXBuildFile; fileRef = 7AC6D99E22ECA8EE006F18CE /* CompanyValuesService.swift */; };
		7AC6D9A122ECA94A006F18CE /* CompanyValuesRepository.swift in Sources */ = {isa = PBXBuildFile; fileRef = 7AC6D9A022ECA94A006F18CE /* CompanyValuesRepository.swift */; };
		7AC6D9A322ECABC3006F18CE /* FeedbackFeed.swift in Sources */ = {isa = PBXBuildFile; fileRef = 7AC6D9A222ECABC3006F18CE /* FeedbackFeed.swift */; };
		7AC6D9A522ECAC6B006F18CE /* FeedbackService.swift in Sources */ = {isa = PBXBuildFile; fileRef = 7AC6D9A422ECAC6B006F18CE /* FeedbackService.swift */; };
		7AC6D9A722ECACF8006F18CE /* FeedbackRepository.swift in Sources */ = {isa = PBXBuildFile; fileRef = 7AC6D9A622ECACF8006F18CE /* FeedbackRepository.swift */; };
		8147C75723050B69004BD4C4 /* BestsViewModel.swift in Sources */ = {isa = PBXBuildFile; fileRef = 8147C75523050B69004BD4C4 /* BestsViewModel.swift */; };
		8147C75823050B69004BD4C4 /* FeedViewModel.swift in Sources */ = {isa = PBXBuildFile; fileRef = 8147C75623050B69004BD4C4 /* FeedViewModel.swift */; };
		81D5971523089FEB00D29DC0 /* Feedback.storyboard in Resources */ = {isa = PBXBuildFile; fileRef = 81D5971423089FEB00D29DC0 /* Feedback.storyboard */; };
		81D597172308A66B00D29DC0 /* FeedBackTypeViewController.swift in Sources */ = {isa = PBXBuildFile; fileRef = 81D597162308A66B00D29DC0 /* FeedBackTypeViewController.swift */; };
		81D5971B2308A75300D29DC0 /* FeedBackTypeViewModel.swift in Sources */ = {isa = PBXBuildFile; fileRef = 81D5971A2308A75300D29DC0 /* FeedBackTypeViewModel.swift */; };
		81D5971D2309C88800D29DC0 /* FeedbackViewController.swift in Sources */ = {isa = PBXBuildFile; fileRef = 81D5971C2309C88800D29DC0 /* FeedbackViewController.swift */; };
		81D5971F2309CE1E00D29DC0 /* FeedbackViewModel.swift in Sources */ = {isa = PBXBuildFile; fileRef = 81D5971E2309CE1E00D29DC0 /* FeedbackViewModel.swift */; };
		81D59722230A4E3E00D29DC0 /* FeedbackModel.swift in Sources */ = {isa = PBXBuildFile; fileRef = 81D59721230A4E3E00D29DC0 /* FeedbackModel.swift */; };
		81E3D07722F13A7300464F49 /* UIView+RoundedCorners.swift in Sources */ = {isa = PBXBuildFile; fileRef = 81E3D07622F13A7300464F49 /* UIView+RoundedCorners.swift */; };
		81E3D07922F146B100464F49 /* UIColor+Styles.swift in Sources */ = {isa = PBXBuildFile; fileRef = 81E3D07822F146B100464F49 /* UIColor+Styles.swift */; };
		9B211C83230075A00076FA7A /* UIButton+ImageState.swift in Sources */ = {isa = PBXBuildFile; fileRef = 9B211C82230075A00076FA7A /* UIButton+ImageState.swift */; };
		9B28D6C123010ED20096DB58 /* Date+ElapsedTime.swift in Sources */ = {isa = PBXBuildFile; fileRef = 9B28D6C023010ED20096DB58 /* Date+ElapsedTime.swift */; };
		9B47E06422EDF46100353A92 /* MainViewModel.swift in Sources */ = {isa = PBXBuildFile; fileRef = 9B47E06322EDF46100353A92 /* MainViewModel.swift */; };
		9B47E06A22EDFD4B00353A92 /* OnboardingContainerViewModel.swift in Sources */ = {isa = PBXBuildFile; fileRef = 9B47E06822EDFD4A00353A92 /* OnboardingContainerViewModel.swift */; };
		9B47E06B22EDFD4B00353A92 /* OnboardingModel.swift in Sources */ = {isa = PBXBuildFile; fileRef = 9B47E06922EDFD4A00353A92 /* OnboardingModel.swift */; };
		9B47E06D22EDFD5E00353A92 /* OnboardingViewController.swift in Sources */ = {isa = PBXBuildFile; fileRef = 9B47E06C22EDFD5E00353A92 /* OnboardingViewController.swift */; };
		9B47E06F22EE05BB00353A92 /* OnboardingContainerViewController.swift in Sources */ = {isa = PBXBuildFile; fileRef = 9B47E06E22EE05BB00353A92 /* OnboardingContainerViewController.swift */; };
		9B55848222EBD72C0020D5DB /* Main.storyboard in Resources */ = {isa = PBXBuildFile; fileRef = 9B55848122EBD72C0020D5DB /* Main.storyboard */; };
		9B60744222EE29C20060E13D /* SignupViewController.swift in Sources */ = {isa = PBXBuildFile; fileRef = 9B60744122EE29C20060E13D /* SignupViewController.swift */; };
		9B60744422EE4BF60060E13D /* SignupViewModel.swift in Sources */ = {isa = PBXBuildFile; fileRef = 9B60744322EE4BF60060E13D /* SignupViewModel.swift */; };
		9B63BBC422F1FD6B004BE699 /* FieldText.swift in Sources */ = {isa = PBXBuildFile; fileRef = 9B63BBC322F1FD6B004BE699 /* FieldText.swift */; };
		9B660ABB22FBB0EA00C04819 /* UIHelper.swift in Sources */ = {isa = PBXBuildFile; fileRef = 9B660ABA22FBB0EA00C04819 /* UIHelper.swift */; };
		9B729CC022E801A0002EEA39 /* MainViewController.swift in Sources */ = {isa = PBXBuildFile; fileRef = 9B729CBF22E801A0002EEA39 /* MainViewController.swift */; };
		9B729CC322E8029C002EEA39 /* Constants.swift in Sources */ = {isa = PBXBuildFile; fileRef = 9B729CC222E8029C002EEA39 /* Constants.swift */; };
		9B729CC622E803F1002EEA39 /* Feed.storyboard in Resources */ = {isa = PBXBuildFile; fileRef = 9B729CC522E803F1002EEA39 /* Feed.storyboard */; };
		9B729CC922E806B3002EEA39 /* Onboarding.storyboard in Resources */ = {isa = PBXBuildFile; fileRef = 9B729CC822E806B3002EEA39 /* Onboarding.storyboard */; };
		9B78776922EE8AFA00626A63 /* BestsViewController.swift in Sources */ = {isa = PBXBuildFile; fileRef = 9B78776822EE8AFA00626A63 /* BestsViewController.swift */; };
		9B78776B22EE8B0C00626A63 /* FeedViewController.swift in Sources */ = {isa = PBXBuildFile; fileRef = 9B78776A22EE8B0C00626A63 /* FeedViewController.swift */; };
		9B78777122EE90BA00626A63 /* BestsViewCell.swift in Sources */ = {isa = PBXBuildFile; fileRef = 9B78777022EE90BA00626A63 /* BestsViewCell.swift */; };
		9B78777322EE90C800626A63 /* FeedViewCell.swift in Sources */ = {isa = PBXBuildFile; fileRef = 9B78777222EE90C800626A63 /* FeedViewCell.swift */; };
		9B9DC1CC22FD0C2100E239CB /* UIViewController+KeyboardHandling.swift in Sources */ = {isa = PBXBuildFile; fileRef = 9B9DC1CB22FD0C2100E239CB /* UIViewController+KeyboardHandling.swift */; };
		9B9DC1CF22FD129C00E239CB /* Signup.storyboard in Resources */ = {isa = PBXBuildFile; fileRef = 9B9DC1CE22FD129C00E239CB /* Signup.storyboard */; };
		9BE3666F230706EF00BACCB9 /* ProfileView.xib in Resources */ = {isa = PBXBuildFile; fileRef = 9BE3666E230706EF00BACCB9 /* ProfileView.xib */; };
		9BE366712307083900BACCB9 /* ProfileView.swift in Sources */ = {isa = PBXBuildFile; fileRef = 9BE366702307083900BACCB9 /* ProfileView.swift */; };
		9BE36673230709F300BACCB9 /* UIView+NibLoading.swift in Sources */ = {isa = PBXBuildFile; fileRef = 9BE36672230709F300BACCB9 /* UIView+NibLoading.swift */; };
		9BEA19E122FE5A6B00851A39 /* CustomTabController.swift in Sources */ = {isa = PBXBuildFile; fileRef = 9BEA19E022FE5A6B00851A39 /* CustomTabController.swift */; };
		D67FEFE622DAA04A00DA34FE /* Assets.xcassets in Resources */ = {isa = PBXBuildFile; fileRef = D67FEFE022DAA04A00DA34FE /* Assets.xcassets */; };
		D67FEFEA22DAA04A00DA34FE /* AppDelegate.swift in Sources */ = {isa = PBXBuildFile; fileRef = D67FEFE522DAA04A00DA34FE /* AppDelegate.swift */; };
		D67FEFEF22DAA24500DA34FE /* LaunchScreen.storyboard in Resources */ = {isa = PBXBuildFile; fileRef = D67FEFED22DAA21F00DA34FE /* LaunchScreen.storyboard */; };
		D6C7E778230B7A7300A86716 /* String+ordinalSuffix.swift in Sources */ = {isa = PBXBuildFile; fileRef = D6C7E777230B7A7300A86716 /* String+ordinalSuffix.swift */; };
		D6C7E77E230B972400A86716 /* FindPeople.storyboard in Resources */ = {isa = PBXBuildFile; fileRef = D6C7E77D230B972400A86716 /* FindPeople.storyboard */; };
		D6C7E780230BA39100A86716 /* UIView+Hud.swift in Sources */ = {isa = PBXBuildFile; fileRef = D6C7E77F230BA39100A86716 /* UIView+Hud.swift */; };
/* End PBXBuildFile section */

/* Begin PBXFileReference section */
		1ADF7A0FA0D32EF0F05D9148 /* Pods_RankUp.framework */ = {isa = PBXFileReference; explicitFileType = wrapper.framework; includeInIndex = 0; path = Pods_RankUp.framework; sourceTree = BUILT_PRODUCTS_DIR; };
		646B1762BEC05E881FBAB58B /* Pods-RankUp.release.xcconfig */ = {isa = PBXFileReference; includeInIndex = 1; lastKnownFileType = text.xcconfig; name = "Pods-RankUp.release.xcconfig"; path = "Target Support Files/Pods-RankUp/Pods-RankUp.release.xcconfig"; sourceTree = "<group>"; };
		7A77E6D122F0927C00741749 /* Rank.swift */ = {isa = PBXFileReference; lastKnownFileType = sourcecode.swift; path = Rank.swift; sourceTree = "<group>"; };
		7A77E6D422F092F700741749 /* RankService.swift */ = {isa = PBXFileReference; lastKnownFileType = sourcecode.swift; path = RankService.swift; sourceTree = "<group>"; };
		7A77E6D622F0930100741749 /* RankRepository.swift */ = {isa = PBXFileReference; lastKnownFileType = sourcecode.swift; path = RankRepository.swift; sourceTree = "<group>"; };
		7A77E6D822F0ABEA00741749 /* NonRegisterUser.swift */ = {isa = PBXFileReference; lastKnownFileType = sourcecode.swift; path = NonRegisterUser.swift; sourceTree = "<group>"; };
		7A77E6DB22F2467300741749 /* MSALService.swift */ = {isa = PBXFileReference; lastKnownFileType = sourcecode.swift; path = MSALService.swift; sourceTree = "<group>"; };
		7A77E6DD22F2468000741749 /* MSALRepository.swift */ = {isa = PBXFileReference; lastKnownFileType = sourcecode.swift; path = MSALRepository.swift; sourceTree = "<group>"; };
		7A77E6DF22F26D4500741749 /* MSALDelegate.swift */ = {isa = PBXFileReference; lastKnownFileType = sourcecode.swift; path = MSALDelegate.swift; sourceTree = "<group>"; };
		7A77E6E122F283D500741749 /* APIClient.swift */ = {isa = PBXFileReference; lastKnownFileType = sourcecode.swift; path = APIClient.swift; sourceTree = "<group>"; };
		7A77E6E322F2850B00741749 /* APIClientFacade.swift */ = {isa = PBXFileReference; lastKnownFileType = sourcecode.swift; path = APIClientFacade.swift; sourceTree = "<group>"; };
		7AC6D97D22E8FEFC006F18CE /* AreaService.swift */ = {isa = PBXFileReference; lastKnownFileType = sourcecode.swift; path = AreaService.swift; sourceTree = "<group>"; };
		7AC6D98022E90258006F18CE /* Area.swift */ = {isa = PBXFileReference; lastKnownFileType = sourcecode.swift; path = Area.swift; sourceTree = "<group>"; };
		7AC6D98222E90284006F18CE /* Location.swift */ = {isa = PBXFileReference; lastKnownFileType = sourcecode.swift; path = Location.swift; sourceTree = "<group>"; };
		7AC6D98522E90468006F18CE /* RequestHelper.swift */ = {isa = PBXFileReference; lastKnownFileType = sourcecode.swift; path = RequestHelper.swift; sourceTree = "<group>"; };
		7AC6D98722E90BEE006F18CE /* AreaRepository.swift */ = {isa = PBXFileReference; lastKnownFileType = sourcecode.swift; path = AreaRepository.swift; sourceTree = "<group>"; };
		7AC6D98922E92912006F18CE /* LocationService.swift */ = {isa = PBXFileReference; lastKnownFileType = sourcecode.swift; path = LocationService.swift; sourceTree = "<group>"; };
		7AC6D98B22E92975006F18CE /* LocationRepository.swift */ = {isa = PBXFileReference; lastKnownFileType = sourcecode.swift; path = LocationRepository.swift; sourceTree = "<group>"; };
		7AC6D98D22EB3239006F18CE /* LoggedInUser.swift */ = {isa = PBXFileReference; lastKnownFileType = sourcecode.swift; path = LoggedInUser.swift; sourceTree = "<group>"; };
		7AC6D98F22EB38B0006F18CE /* API.swift */ = {isa = PBXFileReference; lastKnownFileType = sourcecode.swift; path = API.swift; sourceTree = "<group>"; };
		7AC6D99122EB3B22006F18CE /* SystemUtils.swift */ = {isa = PBXFileReference; lastKnownFileType = sourcecode.swift; path = SystemUtils.swift; sourceTree = "<group>"; };
		7AC6D99322EB53FC006F18CE /* LoggedInUserService.swift */ = {isa = PBXFileReference; lastKnownFileType = sourcecode.swift; path = LoggedInUserService.swift; sourceTree = "<group>"; };
		7AC6D99522EB540A006F18CE /* LoggedInUserRepository.swift */ = {isa = PBXFileReference; lastKnownFileType = sourcecode.swift; path = LoggedInUserRepository.swift; sourceTree = "<group>"; };
		7AC6D99922ECA617006F18CE /* Value.swift */ = {isa = PBXFileReference; lastKnownFileType = sourcecode.swift; path = Value.swift; sourceTree = "<group>"; };
		7AC6D99C22ECA6D1006F18CE /* Contact.swift */ = {isa = PBXFileReference; lastKnownFileType = sourcecode.swift; path = Contact.swift; sourceTree = "<group>"; };
		7AC6D99E22ECA8EE006F18CE /* CompanyValuesService.swift */ = {isa = PBXFileReference; lastKnownFileType = sourcecode.swift; path = CompanyValuesService.swift; sourceTree = "<group>"; };
		7AC6D9A022ECA94A006F18CE /* CompanyValuesRepository.swift */ = {isa = PBXFileReference; lastKnownFileType = sourcecode.swift; path = CompanyValuesRepository.swift; sourceTree = "<group>"; };
		7AC6D9A222ECABC3006F18CE /* FeedbackFeed.swift */ = {isa = PBXFileReference; lastKnownFileType = sourcecode.swift; path = FeedbackFeed.swift; sourceTree = "<group>"; };
		7AC6D9A422ECAC6B006F18CE /* FeedbackService.swift */ = {isa = PBXFileReference; lastKnownFileType = sourcecode.swift; path = FeedbackService.swift; sourceTree = "<group>"; };
		7AC6D9A622ECACF8006F18CE /* FeedbackRepository.swift */ = {isa = PBXFileReference; lastKnownFileType = sourcecode.swift; path = FeedbackRepository.swift; sourceTree = "<group>"; };
		8147C75523050B69004BD4C4 /* BestsViewModel.swift */ = {isa = PBXFileReference; fileEncoding = 4; lastKnownFileType = sourcecode.swift; path = BestsViewModel.swift; sourceTree = "<group>"; };
		8147C75623050B69004BD4C4 /* FeedViewModel.swift */ = {isa = PBXFileReference; fileEncoding = 4; lastKnownFileType = sourcecode.swift; path = FeedViewModel.swift; sourceTree = "<group>"; };
		81D5971423089FEB00D29DC0 /* Feedback.storyboard */ = {isa = PBXFileReference; lastKnownFileType = file.storyboard; path = Feedback.storyboard; sourceTree = "<group>"; };
		81D597162308A66B00D29DC0 /* FeedBackTypeViewController.swift */ = {isa = PBXFileReference; lastKnownFileType = sourcecode.swift; path = FeedBackTypeViewController.swift; sourceTree = "<group>"; };
		81D5971A2308A75300D29DC0 /* FeedBackTypeViewModel.swift */ = {isa = PBXFileReference; lastKnownFileType = sourcecode.swift; path = FeedBackTypeViewModel.swift; sourceTree = "<group>"; };
		81D5971C2309C88800D29DC0 /* FeedbackViewController.swift */ = {isa = PBXFileReference; lastKnownFileType = sourcecode.swift; path = FeedbackViewController.swift; sourceTree = "<group>"; };
		81D5971E2309CE1E00D29DC0 /* FeedbackViewModel.swift */ = {isa = PBXFileReference; lastKnownFileType = sourcecode.swift; path = FeedbackViewModel.swift; sourceTree = "<group>"; };
		81D59721230A4E3E00D29DC0 /* FeedbackModel.swift */ = {isa = PBXFileReference; lastKnownFileType = sourcecode.swift; path = FeedbackModel.swift; sourceTree = "<group>"; };
		81E3D07622F13A7300464F49 /* UIView+RoundedCorners.swift */ = {isa = PBXFileReference; lastKnownFileType = sourcecode.swift; path = "UIView+RoundedCorners.swift"; sourceTree = "<group>"; };
		81E3D07822F146B100464F49 /* UIColor+Styles.swift */ = {isa = PBXFileReference; fileEncoding = 4; lastKnownFileType = sourcecode.swift; path = "UIColor+Styles.swift"; sourceTree = "<group>"; };
		9A62EF383877AE1A93335CC9 /* Pods-RankUp.debug.xcconfig */ = {isa = PBXFileReference; includeInIndex = 1; lastKnownFileType = text.xcconfig; name = "Pods-RankUp.debug.xcconfig"; path = "Pods/Target Support Files/Pods-RankUp/Pods-RankUp.debug.xcconfig"; sourceTree = "<group>"; };
		9B211C82230075A00076FA7A /* UIButton+ImageState.swift */ = {isa = PBXFileReference; lastKnownFileType = sourcecode.swift; path = "UIButton+ImageState.swift"; sourceTree = "<group>"; };
		9B28D6C023010ED20096DB58 /* Date+ElapsedTime.swift */ = {isa = PBXFileReference; lastKnownFileType = sourcecode.swift; path = "Date+ElapsedTime.swift"; sourceTree = "<group>"; };
		9B47E06322EDF46100353A92 /* MainViewModel.swift */ = {isa = PBXFileReference; lastKnownFileType = sourcecode.swift; path = MainViewModel.swift; sourceTree = "<group>"; };
		9B47E06822EDFD4A00353A92 /* OnboardingContainerViewModel.swift */ = {isa = PBXFileReference; fileEncoding = 4; lastKnownFileType = sourcecode.swift; path = OnboardingContainerViewModel.swift; sourceTree = "<group>"; };
		9B47E06922EDFD4A00353A92 /* OnboardingModel.swift */ = {isa = PBXFileReference; fileEncoding = 4; lastKnownFileType = sourcecode.swift; path = OnboardingModel.swift; sourceTree = "<group>"; };
		9B47E06C22EDFD5E00353A92 /* OnboardingViewController.swift */ = {isa = PBXFileReference; fileEncoding = 4; lastKnownFileType = sourcecode.swift; path = OnboardingViewController.swift; sourceTree = "<group>"; };
		9B47E06E22EE05BB00353A92 /* OnboardingContainerViewController.swift */ = {isa = PBXFileReference; fileEncoding = 4; lastKnownFileType = sourcecode.swift; path = OnboardingContainerViewController.swift; sourceTree = "<group>"; };
		9B55848122EBD72C0020D5DB /* Main.storyboard */ = {isa = PBXFileReference; fileEncoding = 4; lastKnownFileType = file.storyboard; path = Main.storyboard; sourceTree = "<group>"; };
		9B60744122EE29C20060E13D /* SignupViewController.swift */ = {isa = PBXFileReference; lastKnownFileType = sourcecode.swift; path = SignupViewController.swift; sourceTree = "<group>"; };
		9B60744322EE4BF60060E13D /* SignupViewModel.swift */ = {isa = PBXFileReference; lastKnownFileType = sourcecode.swift; path = SignupViewModel.swift; sourceTree = "<group>"; };
		9B63BBC322F1FD6B004BE699 /* FieldText.swift */ = {isa = PBXFileReference; lastKnownFileType = sourcecode.swift; path = FieldText.swift; sourceTree = "<group>"; };
		9B660ABA22FBB0EA00C04819 /* UIHelper.swift */ = {isa = PBXFileReference; lastKnownFileType = sourcecode.swift; path = UIHelper.swift; sourceTree = "<group>"; };
		9B729CBF22E801A0002EEA39 /* MainViewController.swift */ = {isa = PBXFileReference; lastKnownFileType = sourcecode.swift; path = MainViewController.swift; sourceTree = "<group>"; };
		9B729CC222E8029C002EEA39 /* Constants.swift */ = {isa = PBXFileReference; lastKnownFileType = sourcecode.swift; path = Constants.swift; sourceTree = "<group>"; };
		9B729CC522E803F1002EEA39 /* Feed.storyboard */ = {isa = PBXFileReference; lastKnownFileType = file.storyboard; path = Feed.storyboard; sourceTree = "<group>"; };
		9B729CC822E806B3002EEA39 /* Onboarding.storyboard */ = {isa = PBXFileReference; lastKnownFileType = file.storyboard; path = Onboarding.storyboard; sourceTree = "<group>"; };
		9B78776822EE8AFA00626A63 /* BestsViewController.swift */ = {isa = PBXFileReference; lastKnownFileType = sourcecode.swift; path = BestsViewController.swift; sourceTree = "<group>"; };
		9B78776A22EE8B0C00626A63 /* FeedViewController.swift */ = {isa = PBXFileReference; lastKnownFileType = sourcecode.swift; path = FeedViewController.swift; sourceTree = "<group>"; };
		9B78777022EE90BA00626A63 /* BestsViewCell.swift */ = {isa = PBXFileReference; lastKnownFileType = sourcecode.swift; path = BestsViewCell.swift; sourceTree = "<group>"; };
		9B78777222EE90C800626A63 /* FeedViewCell.swift */ = {isa = PBXFileReference; lastKnownFileType = sourcecode.swift; path = FeedViewCell.swift; sourceTree = "<group>"; };
		9B9DC1CB22FD0C2100E239CB /* UIViewController+KeyboardHandling.swift */ = {isa = PBXFileReference; fileEncoding = 4; lastKnownFileType = sourcecode.swift; path = "UIViewController+KeyboardHandling.swift"; sourceTree = "<group>"; };
		9B9DC1CE22FD129C00E239CB /* Signup.storyboard */ = {isa = PBXFileReference; lastKnownFileType = file.storyboard; path = Signup.storyboard; sourceTree = "<group>"; };
		9BE3666E230706EF00BACCB9 /* ProfileView.xib */ = {isa = PBXFileReference; lastKnownFileType = file.xib; path = ProfileView.xib; sourceTree = "<group>"; };
		9BE366702307083900BACCB9 /* ProfileView.swift */ = {isa = PBXFileReference; lastKnownFileType = sourcecode.swift; path = ProfileView.swift; sourceTree = "<group>"; };
		9BE36672230709F300BACCB9 /* UIView+NibLoading.swift */ = {isa = PBXFileReference; lastKnownFileType = sourcecode.swift; path = "UIView+NibLoading.swift"; sourceTree = "<group>"; };
		9BEA19E022FE5A6B00851A39 /* CustomTabController.swift */ = {isa = PBXFileReference; lastKnownFileType = sourcecode.swift; path = CustomTabController.swift; sourceTree = "<group>"; };
		AEBE3C4C41C89F718DABF93F /* Pods-RankUp.release.xcconfig */ = {isa = PBXFileReference; includeInIndex = 1; lastKnownFileType = text.xcconfig; name = "Pods-RankUp.release.xcconfig"; path = "Pods/Target Support Files/Pods-RankUp/Pods-RankUp.release.xcconfig"; sourceTree = "<group>"; };
		C317681D1F1DB4085A10C3D3 /* Pods-RankUp.debug.xcconfig */ = {isa = PBXFileReference; includeInIndex = 1; lastKnownFileType = text.xcconfig; name = "Pods-RankUp.debug.xcconfig"; path = "Target Support Files/Pods-RankUp/Pods-RankUp.debug.xcconfig"; sourceTree = "<group>"; };
		D67FEFE022DAA04A00DA34FE /* Assets.xcassets */ = {isa = PBXFileReference; lastKnownFileType = folder.assetcatalog; path = Assets.xcassets; sourceTree = "<group>"; };
		D67FEFE222DAA04A00DA34FE /* Info.plist */ = {isa = PBXFileReference; fileEncoding = 4; lastKnownFileType = text.plist.xml; path = Info.plist; sourceTree = "<group>"; };
		D67FEFE322DAA04A00DA34FE /* RankUp.entitlements */ = {isa = PBXFileReference; fileEncoding = 4; lastKnownFileType = text.plist.entitlements; path = RankUp.entitlements; sourceTree = "<group>"; };
		D67FEFE522DAA04A00DA34FE /* AppDelegate.swift */ = {isa = PBXFileReference; fileEncoding = 4; lastKnownFileType = sourcecode.swift; path = AppDelegate.swift; sourceTree = "<group>"; };
		D67FEFED22DAA21F00DA34FE /* LaunchScreen.storyboard */ = {isa = PBXFileReference; lastKnownFileType = file.storyboard; path = LaunchScreen.storyboard; sourceTree = "<group>"; };
		D6C7E777230B7A7300A86716 /* String+ordinalSuffix.swift */ = {isa = PBXFileReference; lastKnownFileType = sourcecode.swift; path = "String+ordinalSuffix.swift"; sourceTree = "<group>"; };
		D6C7E77D230B972400A86716 /* FindPeople.storyboard */ = {isa = PBXFileReference; lastKnownFileType = file.storyboard; path = FindPeople.storyboard; sourceTree = "<group>"; };
		D6C7E77F230BA39100A86716 /* UIView+Hud.swift */ = {isa = PBXFileReference; lastKnownFileType = sourcecode.swift; path = "UIView+Hud.swift"; sourceTree = "<group>"; };
		FBA79E9D1E9A038700179A54 /* RankUp.app */ = {isa = PBXFileReference; explicitFileType = wrapper.application; includeInIndex = 0; path = RankUp.app; sourceTree = BUILT_PRODUCTS_DIR; };
/* End PBXFileReference section */

/* Begin PBXFrameworksBuildPhase section */
		FBA79E9A1E9A038700179A54 /* Frameworks */ = {
			isa = PBXFrameworksBuildPhase;
			buildActionMask = 2147483647;
			files = (
				48DB95527372E02263414DAC /* Pods_RankUp.framework in Frameworks */,
			);
			runOnlyForDeploymentPostprocessing = 0;
		};
/* End PBXFrameworksBuildPhase section */

/* Begin PBXGroup section */
		481B11B155896BBF09768F75 /* Frameworks */ = {
			isa = PBXGroup;
			children = (
				1ADF7A0FA0D32EF0F05D9148 /* Pods_RankUp.framework */,
			);
			name = Frameworks;
			sourceTree = "<group>";
		};
		7A77E6D322F092EA00741749 /* Rank */ = {
			isa = PBXGroup;
			children = (
				7A77E6D422F092F700741749 /* RankService.swift */,
				7A77E6D622F0930100741749 /* RankRepository.swift */,
			);
			path = Rank;
			sourceTree = "<group>";
		};
		7A77E6DA22F2462C00741749 /* MSAL */ = {
			isa = PBXGroup;
			children = (
				7A77E6DB22F2467300741749 /* MSALService.swift */,
				7A77E6DD22F2468000741749 /* MSALRepository.swift */,
				7A77E6DF22F26D4500741749 /* MSALDelegate.swift */,
			);
			path = MSAL;
			sourceTree = "<group>";
		};
		7AC6D97922E8FE5A006F18CE /* Networking */ = {
			isa = PBXGroup;
			children = (
				7AC6D99B22ECA672006F18CE /* Repositories */,
				7AC6D98422E90458006F18CE /* Utils */,
				7AC6D97F22E90246006F18CE /* Models */,
			);
			path = Networking;
			sourceTree = "<group>";
		};
		7AC6D97A22E8FE9C006F18CE /* Area */ = {
			isa = PBXGroup;
			children = (
				7AC6D97D22E8FEFC006F18CE /* AreaService.swift */,
				7AC6D98722E90BEE006F18CE /* AreaRepository.swift */,
			);
			path = Area;
			sourceTree = "<group>";
		};
		7AC6D97B22E8FEA4006F18CE /* Location */ = {
			isa = PBXGroup;
			children = (
				7AC6D98922E92912006F18CE /* LocationService.swift */,
				7AC6D98B22E92975006F18CE /* LocationRepository.swift */,
			);
			path = Location;
			sourceTree = "<group>";
		};
		7AC6D97C22E8FECF006F18CE /* LoggedInUser */ = {
			isa = PBXGroup;
			children = (
				7AC6D99322EB53FC006F18CE /* LoggedInUserService.swift */,
				7AC6D99522EB540A006F18CE /* LoggedInUserRepository.swift */,
			);
			path = LoggedInUser;
			sourceTree = "<group>";
		};
		7AC6D97F22E90246006F18CE /* Models */ = {
			isa = PBXGroup;
			children = (
				7AC6D98022E90258006F18CE /* Area.swift */,
				7AC6D98222E90284006F18CE /* Location.swift */,
				7AC6D98D22EB3239006F18CE /* LoggedInUser.swift */,
				7AC6D99922ECA617006F18CE /* Value.swift */,
				7AC6D99C22ECA6D1006F18CE /* Contact.swift */,
				7AC6D9A222ECABC3006F18CE /* FeedbackFeed.swift */,
				7A77E6D122F0927C00741749 /* Rank.swift */,
				7A77E6D822F0ABEA00741749 /* NonRegisterUser.swift */,
			);
			path = Models;
			sourceTree = "<group>";
		};
		7AC6D98422E90458006F18CE /* Utils */ = {
			isa = PBXGroup;
			children = (
				7AC6D98522E90468006F18CE /* RequestHelper.swift */,
				7AC6D98F22EB38B0006F18CE /* API.swift */,
				7AC6D99122EB3B22006F18CE /* SystemUtils.swift */,
			);
			path = Utils;
			sourceTree = "<group>";
		};
		7AC6D99722ECA58C006F18CE /* Feedback */ = {
			isa = PBXGroup;
			children = (
				7AC6D9A422ECAC6B006F18CE /* FeedbackService.swift */,
				7AC6D9A622ECACF8006F18CE /* FeedbackRepository.swift */,
			);
			path = Feedback;
			sourceTree = "<group>";
		};
		7AC6D99822ECA5A5006F18CE /* Values */ = {
			isa = PBXGroup;
			children = (
				7AC6D99E22ECA8EE006F18CE /* CompanyValuesService.swift */,
				7AC6D9A022ECA94A006F18CE /* CompanyValuesRepository.swift */,
			);
			path = Values;
			sourceTree = "<group>";
		};
		7AC6D99B22ECA672006F18CE /* Repositories */ = {
			isa = PBXGroup;
			children = (
				7A77E6DA22F2462C00741749 /* MSAL */,
				7A77E6D322F092EA00741749 /* Rank */,
				7AC6D99722ECA58C006F18CE /* Feedback */,
				7AC6D99822ECA5A5006F18CE /* Values */,
				7AC6D97C22E8FECF006F18CE /* LoggedInUser */,
				7AC6D97B22E8FEA4006F18CE /* Location */,
				7AC6D97A22E8FE9C006F18CE /* Area */,
				7A77E6E122F283D500741749 /* APIClient.swift */,
				7A77E6E322F2850B00741749 /* APIClientFacade.swift */,
			);
			path = Repositories;
			sourceTree = "<group>";
		};
		8147C75423050B69004BD4C4 /* View Models */ = {
			isa = PBXGroup;
			children = (
				8147C75523050B69004BD4C4 /* BestsViewModel.swift */,
				8147C75623050B69004BD4C4 /* FeedViewModel.swift */,
			);
			path = "View Models";
			sourceTree = "<group>";
		};
		81D5971323089FD000D29DC0 /* Give Feedback */ = {
			isa = PBXGroup;
			children = (
				81D59720230A4E3200D29DC0 /* Models */,
				81D597192308A6A100D29DC0 /* View Models */,
				81D597182308A66F00D29DC0 /* UI */,
			);
			path = "Give Feedback";
			sourceTree = "<group>";
		};
		81D597182308A66F00D29DC0 /* UI */ = {
			isa = PBXGroup;
			children = (
				D6C7E77D230B972400A86716 /* FindPeople.storyboard */,
				81D5971423089FEB00D29DC0 /* Feedback.storyboard */,
				81D597162308A66B00D29DC0 /* FeedBackTypeViewController.swift */,
				81D5971C2309C88800D29DC0 /* FeedbackViewController.swift */,
			);
			path = UI;
			sourceTree = "<group>";
		};
		81D597192308A6A100D29DC0 /* View Models */ = {
			isa = PBXGroup;
			children = (
				81D5971A2308A75300D29DC0 /* FeedBackTypeViewModel.swift */,
				81D5971E2309CE1E00D29DC0 /* FeedbackViewModel.swift */,
			);
			path = "View Models";
			sourceTree = "<group>";
		};
		81D59720230A4E3200D29DC0 /* Models */ = {
			isa = PBXGroup;
			children = (
				81D59721230A4E3E00D29DC0 /* FeedbackModel.swift */,
			);
			path = Models;
			sourceTree = "<group>";
		};
		81E3D07522F13A5500464F49 /* Extensions */ = {
			isa = PBXGroup;
			children = (
				9B9DC1CB22FD0C2100E239CB /* UIViewController+KeyboardHandling.swift */,
				81E3D07622F13A7300464F49 /* UIView+RoundedCorners.swift */,
				9BE36672230709F300BACCB9 /* UIView+NibLoading.swift */,
				D6C7E77F230BA39100A86716 /* UIView+Hud.swift */,
				81E3D07822F146B100464F49 /* UIColor+Styles.swift */,
				9B211C82230075A00076FA7A /* UIButton+ImageState.swift */,
				9B28D6C023010ED20096DB58 /* Date+ElapsedTime.swift */,
				D6C7E777230B7A7300A86716 /* String+ordinalSuffix.swift */,
			);
			path = Extensions;
			sourceTree = "<group>";
		};
		8AE7AA47BBE7FF4EBFA823D1 /* Pods */ = {
			isa = PBXGroup;
			children = (
				C317681D1F1DB4085A10C3D3 /* Pods-RankUp.debug.xcconfig */,
				646B1762BEC05E881FBAB58B /* Pods-RankUp.release.xcconfig */,
				9A62EF383877AE1A93335CC9 /* Pods-RankUp.debug.xcconfig */,
				AEBE3C4C41C89F718DABF93F /* Pods-RankUp.release.xcconfig */,
			);
			path = Pods;
			sourceTree = "<group>";
		};
		9B47E06522EDF46600353A92 /* View Model */ = {
			isa = PBXGroup;
			children = (
				9B47E06322EDF46100353A92 /* MainViewModel.swift */,
			);
			path = "View Model";
			sourceTree = "<group>";
		};
		9B60743E22EE29850060E13D /* Signup */ = {
			isa = PBXGroup;
			children = (
				9B60744022EE29AB0060E13D /* View Models */,
				9B60743F22EE29A40060E13D /* UI */,
			);
			name = Signup;
			path = Signup/Signup;
			sourceTree = "<group>";
		};
		9B60743F22EE29A40060E13D /* UI */ = {
			isa = PBXGroup;
			children = (
				9B60744122EE29C20060E13D /* SignupViewController.swift */,
				9B9DC1CE22FD129C00E239CB /* Signup.storyboard */,
			);
			path = UI;
			sourceTree = "<group>";
		};
		9B60744022EE29AB0060E13D /* View Models */ = {
			isa = PBXGroup;
			children = (
				9B60744322EE4BF60060E13D /* SignupViewModel.swift */,
			);
			path = "View Models";
			sourceTree = "<group>";
		};
		9B729CB322E80045002EEA39 /* Main */ = {
			isa = PBXGroup;
			children = (
				9B47E06522EDF46600353A92 /* View Model */,
				9B729CBC22E800F0002EEA39 /* UI */,
			);
			path = Main;
			sourceTree = "<group>";
		};
		9B729CB522E80063002EEA39 /* Onboarding */ = {
			isa = PBXGroup;
			children = (
				9B729CB922E800D5002EEA39 /* View Models */,
				9B729CB822E800CD002EEA39 /* UI */,
			);
			path = Onboarding;
			sourceTree = "<group>";
		};
		9B729CB822E800CD002EEA39 /* UI */ = {
			isa = PBXGroup;
			children = (
				9B47E06E22EE05BB00353A92 /* OnboardingContainerViewController.swift */,
				9B47E06C22EDFD5E00353A92 /* OnboardingViewController.swift */,
				9B729CC822E806B3002EEA39 /* Onboarding.storyboard */,
			);
			path = UI;
			sourceTree = "<group>";
		};
		9B729CB922E800D5002EEA39 /* View Models */ = {
			isa = PBXGroup;
			children = (
				9B47E06822EDFD4A00353A92 /* OnboardingContainerViewModel.swift */,
				9B47E06922EDFD4A00353A92 /* OnboardingModel.swift */,
			);
			path = "View Models";
			sourceTree = "<group>";
		};
		9B729CBC22E800F0002EEA39 /* UI */ = {
			isa = PBXGroup;
			children = (
				9B55848122EBD72C0020D5DB /* Main.storyboard */,
				9B729CBF22E801A0002EEA39 /* MainViewController.swift */,
			);
			path = UI;
			sourceTree = "<group>";
		};
		9B729CBD22E80114002EEA39 /* Supporting Files */ = {
			isa = PBXGroup;
			children = (
				D67FEFE222DAA04A00DA34FE /* Info.plist */,
				D67FEFE322DAA04A00DA34FE /* RankUp.entitlements */,
			);
			path = "Supporting Files";
			sourceTree = "<group>";
		};
		9B729CBE22E8012B002EEA39 /* Resources */ = {
			isa = PBXGroup;
			children = (
				D67FEFE022DAA04A00DA34FE /* Assets.xcassets */,
			);
			path = Resources;
			sourceTree = "<group>";
		};
		9B729CC122E8020B002EEA39 /* Common */ = {
			isa = PBXGroup;
			children = (
				9B729CC222E8029C002EEA39 /* Constants.swift */,
				9B63BBC322F1FD6B004BE699 /* FieldText.swift */,
				9B660ABA22FBB0EA00C04819 /* UIHelper.swift */,
				9BE3666E230706EF00BACCB9 /* ProfileView.xib */,
				9BE366702307083900BACCB9 /* ProfileView.swift */,
			);
			path = Common;
			sourceTree = "<group>";
		};
		9B729CC422E803DE002EEA39 /* Feed */ = {
			isa = PBXGroup;
			children = (
				8147C75423050B69004BD4C4 /* View Models */,
				9B729CC722E803F6002EEA39 /* UI */,
			);
			path = Feed;
			sourceTree = "<group>";
		};
		9B729CC722E803F6002EEA39 /* UI */ = {
			isa = PBXGroup;
			children = (
				9B729CC522E803F1002EEA39 /* Feed.storyboard */,
				9B78776822EE8AFA00626A63 /* BestsViewController.swift */,
				9B78776A22EE8B0C00626A63 /* FeedViewController.swift */,
				9B78777022EE90BA00626A63 /* BestsViewCell.swift */,
				9B78777222EE90C800626A63 /* FeedViewCell.swift */,
				9BEA19E022FE5A6B00851A39 /* CustomTabController.swift */,
			);
			path = UI;
			sourceTree = "<group>";
		};
		D64CF7D922DA9FE200890B2C /* RankUp */ = {
			isa = PBXGroup;
			children = (
				D67FEFED22DAA21F00DA34FE /* LaunchScreen.storyboard */,
				D67FEFE522DAA04A00DA34FE /* AppDelegate.swift */,
				9B729CC122E8020B002EEA39 /* Common */,
				81E3D07522F13A5500464F49 /* Extensions */,
				9B729CC422E803DE002EEA39 /* Feed */,
				D6C7E779230B834800A86716 /* FindPeople */,
				81D5971323089FD000D29DC0 /* Give Feedback */,
				9B729CB322E80045002EEA39 /* Main */,
				7AC6D97922E8FE5A006F18CE /* Networking */,
				9B729CB522E80063002EEA39 /* Onboarding */,
				9B729CBE22E8012B002EEA39 /* Resources */,
				9B60743E22EE29850060E13D /* Signup */,
				9B729CBD22E80114002EEA39 /* Supporting Files */,
			);
			path = RankUp;
			sourceTree = "<group>";
		};
		D6C7E779230B834800A86716 /* FindPeople */ = {
			isa = PBXGroup;
			children = (
				D6C7E77B230B837F00A86716 /* View Models */,
				D6C7E77A230B837A00A86716 /* Models */,
			);
			path = FindPeople;
			sourceTree = "<group>";
		};
		D6C7E77A230B837A00A86716 /* Models */ = {
			isa = PBXGroup;
			children = (
			);
			path = Models;
			sourceTree = "<group>";
		};
		D6C7E77B230B837F00A86716 /* View Models */ = {
			isa = PBXGroup;
			children = (
			);
			path = "View Models";
			sourceTree = "<group>";
		};
		FBA79E941E9A038700179A54 = {
			isa = PBXGroup;
			children = (
				D64CF7D922DA9FE200890B2C /* RankUp */,
				FBA79E9E1E9A038700179A54 /* Products */,
				8AE7AA47BBE7FF4EBFA823D1 /* Pods */,
				481B11B155896BBF09768F75 /* Frameworks */,
			);
			sourceTree = "<group>";
		};
		FBA79E9E1E9A038700179A54 /* Products */ = {
			isa = PBXGroup;
			children = (
				FBA79E9D1E9A038700179A54 /* RankUp.app */,
			);
			name = Products;
			sourceTree = "<group>";
		};
/* End PBXGroup section */

/* Begin PBXNativeTarget section */
		FBA79E9C1E9A038700179A54 /* RankUp */ = {
			isa = PBXNativeTarget;
			buildConfigurationList = FBA79EC51E9A038700179A54 /* Build configuration list for PBXNativeTarget "RankUp" */;
			buildPhases = (
				C46A67961D3584E3762A1620 /* [CP] Check Pods Manifest.lock */,
				FBA79E991E9A038700179A54 /* Sources */,
				FBA79E9A1E9A038700179A54 /* Frameworks */,
				FBA79E9B1E9A038700179A54 /* Resources */,
				861C1C85BB56B1E806D79AFB /* [CP] Embed Pods Frameworks */,
			);
			buildRules = (
			);
			dependencies = (
			);
			name = RankUp;
			productName = MSALiOS;
			productReference = FBA79E9D1E9A038700179A54 /* RankUp.app */;
			productType = "com.apple.product-type.application";
		};
/* End PBXNativeTarget section */

/* Begin PBXProject section */
		FBA79E951E9A038700179A54 /* Project object */ = {
			isa = PBXProject;
			attributes = {
				LastSwiftUpdateCheck = 0830;
				LastUpgradeCheck = 1020;
				ORGANIZATIONNAME = "";
				TargetAttributes = {
					FBA79E9C1E9A038700179A54 = {
						CreatedOnToolsVersion = 8.3;
						DevelopmentTeam = JM9222EF99;
						LastSwiftMigration = 1020;
						ProvisioningStyle = Automatic;
						SystemCapabilities = {
							com.apple.Keychain = {
								enabled = 1;
							};
						};
					};
				};
			};
			buildConfigurationList = FBA79E981E9A038700179A54 /* Build configuration list for PBXProject "RankUp" */;
			compatibilityVersion = "Xcode 3.2";
			developmentRegion = en;
			hasScannedForEncodings = 0;
			knownRegions = (
				en,
				Base,
			);
			mainGroup = FBA79E941E9A038700179A54;
			productRefGroup = FBA79E9E1E9A038700179A54 /* Products */;
			projectDirPath = "";
			projectRoot = "";
			targets = (
				FBA79E9C1E9A038700179A54 /* RankUp */,
			);
		};
/* End PBXProject section */

/* Begin PBXResourcesBuildPhase section */
		FBA79E9B1E9A038700179A54 /* Resources */ = {
			isa = PBXResourcesBuildPhase;
			buildActionMask = 2147483647;
			files = (
				9B9DC1CF22FD129C00E239CB /* Signup.storyboard in Resources */,
				9B729CC622E803F1002EEA39 /* Feed.storyboard in Resources */,
				9BE3666F230706EF00BACCB9 /* ProfileView.xib in Resources */,
				81D5971523089FEB00D29DC0 /* Feedback.storyboard in Resources */,
				D6C7E77E230B972400A86716 /* FindPeople.storyboard in Resources */,
				D67FEFEF22DAA24500DA34FE /* LaunchScreen.storyboard in Resources */,
				9B55848222EBD72C0020D5DB /* Main.storyboard in Resources */,
				D67FEFE622DAA04A00DA34FE /* Assets.xcassets in Resources */,
				9B729CC922E806B3002EEA39 /* Onboarding.storyboard in Resources */,
			);
			runOnlyForDeploymentPostprocessing = 0;
		};
/* End PBXResourcesBuildPhase section */

/* Begin PBXShellScriptBuildPhase section */
		861C1C85BB56B1E806D79AFB /* [CP] Embed Pods Frameworks */ = {
			isa = PBXShellScriptBuildPhase;
			buildActionMask = 2147483647;
			files = (
			);
			inputPaths = (
				"${PODS_ROOT}/Target Support Files/Pods-RankUp/Pods-RankUp-frameworks.sh",
				"${BUILT_PRODUCTS_DIR}/JGProgressHUD/JGProgressHUD.framework",
				"${BUILT_PRODUCTS_DIR}/MSAL/MSAL.framework",
			);
			name = "[CP] Embed Pods Frameworks";
			outputPaths = (
				"${TARGET_BUILD_DIR}/${FRAMEWORKS_FOLDER_PATH}/JGProgressHUD.framework",
				"${TARGET_BUILD_DIR}/${FRAMEWORKS_FOLDER_PATH}/MSAL.framework",
			);
			runOnlyForDeploymentPostprocessing = 0;
			shellPath = /bin/sh;
			shellScript = "\"${PODS_ROOT}/Target Support Files/Pods-RankUp/Pods-RankUp-frameworks.sh\"\n";
			showEnvVarsInLog = 0;
		};
		C46A67961D3584E3762A1620 /* [CP] Check Pods Manifest.lock */ = {
			isa = PBXShellScriptBuildPhase;
			buildActionMask = 2147483647;
			files = (
			);
			inputPaths = (
				"${PODS_PODFILE_DIR_PATH}/Podfile.lock",
				"${PODS_ROOT}/Manifest.lock",
			);
			name = "[CP] Check Pods Manifest.lock";
			outputPaths = (
				"$(DERIVED_FILE_DIR)/Pods-RankUp-checkManifestLockResult.txt",
			);
			runOnlyForDeploymentPostprocessing = 0;
			shellPath = /bin/sh;
			shellScript = "diff \"${PODS_PODFILE_DIR_PATH}/Podfile.lock\" \"${PODS_ROOT}/Manifest.lock\" > /dev/null\nif [ $? != 0 ] ; then\n    # print error to STDERR\n    echo \"error: The sandbox is not in sync with the Podfile.lock. Run 'pod install' or update your CocoaPods installation.\" >&2\n    exit 1\nfi\n# This output is used by Xcode 'outputs' to avoid re-running this script phase.\necho \"SUCCESS\" > \"${SCRIPT_OUTPUT_FILE_0}\"\n";
			showEnvVarsInLog = 0;
		};
/* End PBXShellScriptBuildPhase section */

/* Begin PBXSourcesBuildPhase section */
		FBA79E991E9A038700179A54 /* Sources */ = {
			isa = PBXSourcesBuildPhase;
			buildActionMask = 2147483647;
			files = (
				81E3D07922F146B100464F49 /* UIColor+Styles.swift in Sources */,
				9B78776922EE8AFA00626A63 /* BestsViewController.swift in Sources */,
				9B729CC022E801A0002EEA39 /* MainViewController.swift in Sources */,
				7A77E6DC22F2467300741749 /* MSALService.swift in Sources */,
				7A77E6E022F26D4500741749 /* MSALDelegate.swift in Sources */,
				7AC6D99022EB38B0006F18CE /* API.swift in Sources */,
				7A77E6D222F0927C00741749 /* Rank.swift in Sources */,
				9BE36673230709F300BACCB9 /* UIView+NibLoading.swift in Sources */,
				7A77E6E222F283D500741749 /* APIClient.swift in Sources */,
				7AC6D9A122ECA94A006F18CE /* CompanyValuesRepository.swift in Sources */,
				9B47E06B22EDFD4B00353A92 /* OnboardingModel.swift in Sources */,
				9BE366712307083900BACCB9 /* ProfileView.swift in Sources */,
				7A77E6D522F092F700741749 /* RankService.swift in Sources */,
				9BEA19E122FE5A6B00851A39 /* CustomTabController.swift in Sources */,
				7AC6D99422EB53FC006F18CE /* LoggedInUserService.swift in Sources */,
				9B78776B22EE8B0C00626A63 /* FeedViewController.swift in Sources */,
				7AC6D99A22ECA617006F18CE /* Value.swift in Sources */,
				7AC6D98622E90468006F18CE /* RequestHelper.swift in Sources */,
				7A77E6DE22F2468000741749 /* MSALRepository.swift in Sources */,
				7AC6D99D22ECA6D1006F18CE /* Contact.swift in Sources */,
				7AC6D9A522ECAC6B006F18CE /* FeedbackService.swift in Sources */,
				9B47E06A22EDFD4B00353A92 /* OnboardingContainerViewModel.swift in Sources */,
				81D5971D2309C88800D29DC0 /* FeedbackViewController.swift in Sources */,
				81D59722230A4E3E00D29DC0 /* FeedbackModel.swift in Sources */,
				9B47E06D22EDFD5E00353A92 /* OnboardingViewController.swift in Sources */,
				9B60744422EE4BF60060E13D /* SignupViewModel.swift in Sources */,
				9B60744222EE29C20060E13D /* SignupViewController.swift in Sources */,
				D6C7E778230B7A7300A86716 /* String+ordinalSuffix.swift in Sources */,
				7AC6D99F22ECA8EE006F18CE /* CompanyValuesService.swift in Sources */,
				9B63BBC422F1FD6B004BE699 /* FieldText.swift in Sources */,
				81D597172308A66B00D29DC0 /* FeedBackTypeViewController.swift in Sources */,
				7AC6D99622EB540A006F18CE /* LoggedInUserRepository.swift in Sources */,
				9B47E06F22EE05BB00353A92 /* OnboardingContainerViewController.swift in Sources */,
				7AC6D99222EB3B22006F18CE /* SystemUtils.swift in Sources */,
				9B9DC1CC22FD0C2100E239CB /* UIViewController+KeyboardHandling.swift in Sources */,
				7A77E6D922F0ABEA00741749 /* NonRegisterUser.swift in Sources */,
				7AC6D9A722ECACF8006F18CE /* FeedbackRepository.swift in Sources */,
				81D5971B2308A75300D29DC0 /* FeedBackTypeViewModel.swift in Sources */,
				7AC6D98822E90BEE006F18CE /* AreaRepository.swift in Sources */,
				7A77E6E422F2850B00741749 /* APIClientFacade.swift in Sources */,
				7AC6D98A22E92912006F18CE /* LocationService.swift in Sources */,
				81E3D07722F13A7300464F49 /* UIView+RoundedCorners.swift in Sources */,
				9B78777122EE90BA00626A63 /* BestsViewCell.swift in Sources */,
				D6C7E780230BA39100A86716 /* UIView+Hud.swift in Sources */,
				7AC6D98C22E92975006F18CE /* LocationRepository.swift in Sources */,
				D67FEFEA22DAA04A00DA34FE /* AppDelegate.swift in Sources */,
				8147C75823050B69004BD4C4 /* FeedViewModel.swift in Sources */,
				9B660ABB22FBB0EA00C04819 /* UIHelper.swift in Sources */,
				9B78777322EE90C800626A63 /* FeedViewCell.swift in Sources */,
				9B211C83230075A00076FA7A /* UIButton+ImageState.swift in Sources */,
				8147C75723050B69004BD4C4 /* BestsViewModel.swift in Sources */,
				9B729CC322E8029C002EEA39 /* Constants.swift in Sources */,
				7AC6D97E22E8FEFC006F18CE /* AreaService.swift in Sources */,
				7AC6D98322E90284006F18CE /* Location.swift in Sources */,
				7A77E6D722F0930100741749 /* RankRepository.swift in Sources */,
				9B28D6C123010ED20096DB58 /* Date+ElapsedTime.swift in Sources */,
				7AC6D98122E90258006F18CE /* Area.swift in Sources */,
				7AC6D9A322ECABC3006F18CE /* FeedbackFeed.swift in Sources */,
				81D5971F2309CE1E00D29DC0 /* FeedbackViewModel.swift in Sources */,
				7AC6D98E22EB3239006F18CE /* LoggedInUser.swift in Sources */,
				9B47E06422EDF46100353A92 /* MainViewModel.swift in Sources */,
			);
			runOnlyForDeploymentPostprocessing = 0;
		};
/* End PBXSourcesBuildPhase section */

/* Begin XCBuildConfiguration section */
		FBA79EC31E9A038700179A54 /* Debug */ = {
			isa = XCBuildConfiguration;
			buildSettings = {
				ALWAYS_SEARCH_USER_PATHS = NO;
				CLANG_ANALYZER_LOCALIZABILITY_NONLOCALIZED = YES;
				CLANG_ANALYZER_NONNULL = YES;
				CLANG_ANALYZER_NUMBER_OBJECT_CONVERSION = YES_AGGRESSIVE;
				CLANG_CXX_LANGUAGE_STANDARD = "gnu++0x";
				CLANG_CXX_LIBRARY = "libc++";
				CLANG_ENABLE_MODULES = YES;
				CLANG_ENABLE_OBJC_ARC = YES;
				CLANG_WARN_BLOCK_CAPTURE_AUTORELEASING = YES;
				CLANG_WARN_BOOL_CONVERSION = YES;
				CLANG_WARN_COMMA = YES;
				CLANG_WARN_CONSTANT_CONVERSION = YES;
				CLANG_WARN_DEPRECATED_OBJC_IMPLEMENTATIONS = YES;
				CLANG_WARN_DIRECT_OBJC_ISA_USAGE = YES_ERROR;
				CLANG_WARN_DOCUMENTATION_COMMENTS = YES;
				CLANG_WARN_EMPTY_BODY = YES;
				CLANG_WARN_ENUM_CONVERSION = YES;
				CLANG_WARN_INFINITE_RECURSION = YES;
				CLANG_WARN_INT_CONVERSION = YES;
				CLANG_WARN_NON_LITERAL_NULL_CONVERSION = YES;
				CLANG_WARN_OBJC_IMPLICIT_RETAIN_SELF = YES;
				CLANG_WARN_OBJC_LITERAL_CONVERSION = YES;
				CLANG_WARN_OBJC_ROOT_CLASS = YES_ERROR;
				CLANG_WARN_RANGE_LOOP_ANALYSIS = YES;
				CLANG_WARN_STRICT_PROTOTYPES = YES;
				CLANG_WARN_SUSPICIOUS_MOVE = YES;
				CLANG_WARN_UNREACHABLE_CODE = YES;
				CLANG_WARN__DUPLICATE_METHOD_MATCH = YES;
				"CODE_SIGN_IDENTITY[sdk=iphoneos*]" = "iPhone Developer";
				COPY_PHASE_STRIP = NO;
				DEBUG_INFORMATION_FORMAT = dwarf;
				ENABLE_STRICT_OBJC_MSGSEND = YES;
				ENABLE_TESTABILITY = YES;
				GCC_C_LANGUAGE_STANDARD = gnu99;
				GCC_DYNAMIC_NO_PIC = NO;
				GCC_NO_COMMON_BLOCKS = YES;
				GCC_OPTIMIZATION_LEVEL = 0;
				GCC_PREPROCESSOR_DEFINITIONS = (
					"DEBUG=1",
					"$(inherited)",
				);
				GCC_WARN_64_TO_32_BIT_CONVERSION = YES;
				GCC_WARN_ABOUT_RETURN_TYPE = YES_ERROR;
				GCC_WARN_UNDECLARED_SELECTOR = YES;
				GCC_WARN_UNINITIALIZED_AUTOS = YES_AGGRESSIVE;
				GCC_WARN_UNUSED_FUNCTION = YES;
				GCC_WARN_UNUSED_VARIABLE = YES;
				IPHONEOS_DEPLOYMENT_TARGET = 11.4;
				MTL_ENABLE_DEBUG_INFO = YES;
				ONLY_ACTIVE_ARCH = YES;
				SDKROOT = iphoneos;
				SWIFT_ACTIVE_COMPILATION_CONDITIONS = DEBUG;
				SWIFT_OPTIMIZATION_LEVEL = "-Onone";
				SWIFT_SWIFT3_OBJC_INFERENCE = Default;
				TARGETED_DEVICE_FAMILY = "1,2";
			};
			name = Debug;
		};
		FBA79EC41E9A038700179A54 /* Release */ = {
			isa = XCBuildConfiguration;
			buildSettings = {
				ALWAYS_SEARCH_USER_PATHS = NO;
				CLANG_ANALYZER_LOCALIZABILITY_NONLOCALIZED = YES;
				CLANG_ANALYZER_NONNULL = YES;
				CLANG_ANALYZER_NUMBER_OBJECT_CONVERSION = YES_AGGRESSIVE;
				CLANG_CXX_LANGUAGE_STANDARD = "gnu++0x";
				CLANG_CXX_LIBRARY = "libc++";
				CLANG_ENABLE_MODULES = YES;
				CLANG_ENABLE_OBJC_ARC = YES;
				CLANG_WARN_BLOCK_CAPTURE_AUTORELEASING = YES;
				CLANG_WARN_BOOL_CONVERSION = YES;
				CLANG_WARN_COMMA = YES;
				CLANG_WARN_CONSTANT_CONVERSION = YES;
				CLANG_WARN_DEPRECATED_OBJC_IMPLEMENTATIONS = YES;
				CLANG_WARN_DIRECT_OBJC_ISA_USAGE = YES_ERROR;
				CLANG_WARN_DOCUMENTATION_COMMENTS = YES;
				CLANG_WARN_EMPTY_BODY = YES;
				CLANG_WARN_ENUM_CONVERSION = YES;
				CLANG_WARN_INFINITE_RECURSION = YES;
				CLANG_WARN_INT_CONVERSION = YES;
				CLANG_WARN_NON_LITERAL_NULL_CONVERSION = YES;
				CLANG_WARN_OBJC_IMPLICIT_RETAIN_SELF = YES;
				CLANG_WARN_OBJC_LITERAL_CONVERSION = YES;
				CLANG_WARN_OBJC_ROOT_CLASS = YES_ERROR;
				CLANG_WARN_RANGE_LOOP_ANALYSIS = YES;
				CLANG_WARN_STRICT_PROTOTYPES = YES;
				CLANG_WARN_SUSPICIOUS_MOVE = YES;
				CLANG_WARN_UNREACHABLE_CODE = YES;
				CLANG_WARN__DUPLICATE_METHOD_MATCH = YES;
				"CODE_SIGN_IDENTITY[sdk=iphoneos*]" = "iPhone Developer";
				COPY_PHASE_STRIP = NO;
				DEBUG_INFORMATION_FORMAT = "dwarf-with-dsym";
				ENABLE_NS_ASSERTIONS = NO;
				ENABLE_STRICT_OBJC_MSGSEND = YES;
				GCC_C_LANGUAGE_STANDARD = gnu99;
				GCC_NO_COMMON_BLOCKS = YES;
				GCC_WARN_64_TO_32_BIT_CONVERSION = YES;
				GCC_WARN_ABOUT_RETURN_TYPE = YES_ERROR;
				GCC_WARN_UNDECLARED_SELECTOR = YES;
				GCC_WARN_UNINITIALIZED_AUTOS = YES_AGGRESSIVE;
				GCC_WARN_UNUSED_FUNCTION = YES;
				GCC_WARN_UNUSED_VARIABLE = YES;
				IPHONEOS_DEPLOYMENT_TARGET = 11.4;
				MTL_ENABLE_DEBUG_INFO = NO;
				SDKROOT = iphoneos;
				SWIFT_OPTIMIZATION_LEVEL = "-Owholemodule";
				SWIFT_SWIFT3_OBJC_INFERENCE = Default;
				TARGETED_DEVICE_FAMILY = "1,2";
				VALIDATE_PRODUCT = YES;
			};
			name = Release;
		};
		FBA79EC61E9A038700179A54 /* Debug */ = {
			isa = XCBuildConfiguration;
			baseConfigurationReference = C317681D1F1DB4085A10C3D3 /* Pods-RankUp.debug.xcconfig */;
			buildSettings = {
				ASSETCATALOG_COMPILER_APPICON_NAME = AppIcon;
				CLANG_ENABLE_MODULES = YES;
				CODE_SIGN_ENTITLEMENTS = "RankUp/Supporting Files/RankUp.entitlements";
				CODE_SIGN_IDENTITY = "iPhone Developer";
				CODE_SIGN_STYLE = Automatic;
				DEVELOPMENT_TEAM = JM9222EF99;
				FRAMEWORK_SEARCH_PATHS = "$(inherited)";
				INFOPLIST_FILE = "RankUp/Supporting Files/Info.plist";
				IPHONEOS_DEPLOYMENT_TARGET = 11.4;
				LD_RUNPATH_SEARCH_PATHS = "$(inherited) @executable_path/Frameworks";
				OTHER_LDFLAGS = "$(inherited)";
				PRODUCT_BUNDLE_IDENTIFIER = "com.endava.step-up";
				PRODUCT_NAME = "$(TARGET_NAME)";
				PROVISIONING_PROFILE_SPECIFIER = "";
				SWIFT_OPTIMIZATION_LEVEL = "-Onone";
				SWIFT_SWIFT3_OBJC_INFERENCE = Default;
				SWIFT_VERSION = 5.0;
			};
			name = Debug;
		};
		FBA79EC71E9A038700179A54 /* Release */ = {
			isa = XCBuildConfiguration;
			baseConfigurationReference = 646B1762BEC05E881FBAB58B /* Pods-RankUp.release.xcconfig */;
			buildSettings = {
				ASSETCATALOG_COMPILER_APPICON_NAME = AppIcon;
				CLANG_ENABLE_MODULES = YES;
				CODE_SIGN_ENTITLEMENTS = "RankUp/Supporting Files/RankUp.entitlements";
				CODE_SIGN_IDENTITY = "iPhone Developer";
				CODE_SIGN_STYLE = Automatic;
				DEVELOPMENT_TEAM = JM9222EF99;
				FRAMEWORK_SEARCH_PATHS = "$(inherited)";
				INFOPLIST_FILE = "RankUp/Supporting Files/Info.plist";
				IPHONEOS_DEPLOYMENT_TARGET = 11.4;
				LD_RUNPATH_SEARCH_PATHS = "$(inherited) @executable_path/Frameworks";
				OTHER_LDFLAGS = "$(inherited)";
				PRODUCT_BUNDLE_IDENTIFIER = "com.endava.step-up";
				PRODUCT_NAME = "$(TARGET_NAME)";
				PROVISIONING_PROFILE_SPECIFIER = "";
				SWIFT_SWIFT3_OBJC_INFERENCE = Default;
				SWIFT_VERSION = 5.0;
			};
			name = Release;
		};
/* End XCBuildConfiguration section */

/* Begin XCConfigurationList section */
		FBA79E981E9A038700179A54 /* Build configuration list for PBXProject "RankUp" */ = {
			isa = XCConfigurationList;
			buildConfigurations = (
				FBA79EC31E9A038700179A54 /* Debug */,
				FBA79EC41E9A038700179A54 /* Release */,
			);
			defaultConfigurationIsVisible = 0;
			defaultConfigurationName = Release;
		};
		FBA79EC51E9A038700179A54 /* Build configuration list for PBXNativeTarget "RankUp" */ = {
			isa = XCConfigurationList;
			buildConfigurations = (
				FBA79EC61E9A038700179A54 /* Debug */,
				FBA79EC71E9A038700179A54 /* Release */,
			);
			defaultConfigurationIsVisible = 0;
			defaultConfigurationName = Release;
		};
/* End XCConfigurationList section */
	};
	rootObject = FBA79E951E9A038700179A54 /* Project object */;
}
